// !$*UTF8*$!
{
	archiveVersion = 1;
	classes = {
	};
	objectVersion = 46;
	objects = {

/* Begin PBXBuildFile section */
		5F1A051B164FA80E007C0FBB /* Foundation.framework in Frameworks */ = {isa = PBXBuildFile; fileRef = 5F1A051A164FA80E007C0FBB /* Foundation.framework */; };
		5F1A0523164FA80E007C0FBB /* InfoPlist.strings in Resources */ = {isa = PBXBuildFile; fileRef = 5F1A0521164FA80E007C0FBB /* InfoPlist.strings */; };
		5F1A0525164FA80E007C0FBB /* main.m in Sources */ = {isa = PBXBuildFile; fileRef = 5F1A0524164FA80E007C0FBB /* main.m */; };
		5F66265E16554FA100F209D0 /* QuartzCore.framework in Frameworks */ = {isa = PBXBuildFile; fileRef = 5F66265D16554FA100F209D0 /* QuartzCore.framework */; };
		5F78576C165D32AB00F74AF9 /* UIKit.framework in Frameworks */ = {isa = PBXBuildFile; fileRef = 5F78576B165D32AB00F74AF9 /* UIKit.framework */; };
		5F8EA3F51663BBBF0013426B /* Node.xcdatamodeld in Sources */ = {isa = PBXBuildFile; fileRef = 5F8EA3F31663BBBF0013426B /* Node.xcdatamodeld */; };
		5F9F6FA31678CA640089E972 /* LoadMoreTableFooterView.m in Sources */ = {isa = PBXBuildFile; fileRef = 5F9F6F8B1678CA640089E972 /* LoadMoreTableFooterView.m */; settings = {COMPILER_FLAGS = "-fno-objc-arc"; }; };
		5F9F6FA41678CA640089E972 /* ICUTemplateMatcher.m in Sources */ = {isa = PBXBuildFile; fileRef = 5F9F6F8F1678CA640089E972 /* ICUTemplateMatcher.m */; settings = {COMPILER_FLAGS = "-fno-objc-arc"; }; };
		5F9F6FA51678CA640089E972 /* MGTemplateEngine.m in Sources */ = {isa = PBXBuildFile; fileRef = 5F9F6F911678CA640089E972 /* MGTemplateEngine.m */; settings = {COMPILER_FLAGS = "-fno-objc-arc"; }; };
		5F9F6FA61678CA640089E972 /* MGTemplateStandardFilters.m in Sources */ = {isa = PBXBuildFile; fileRef = 5F9F6F951678CA640089E972 /* MGTemplateStandardFilters.m */; settings = {COMPILER_FLAGS = "-fno-objc-arc"; }; };
		5F9F6FA71678CA640089E972 /* MGTemplateStandardMarkers.m in Sources */ = {isa = PBXBuildFile; fileRef = 5F9F6F971678CA640089E972 /* MGTemplateStandardMarkers.m */; settings = {COMPILER_FLAGS = "-fno-objc-arc"; }; };
		5F9F6FA81678CA640089E972 /* NSArray_DeepMutableCopy.m in Sources */ = {isa = PBXBuildFile; fileRef = 5F9F6F991678CA640089E972 /* NSArray_DeepMutableCopy.m */; settings = {COMPILER_FLAGS = "-fno-objc-arc"; }; };
		5F9F6FA91678CA640089E972 /* NSDictionary_DeepMutableCopy.m in Sources */ = {isa = PBXBuildFile; fileRef = 5F9F6F9B1678CA640089E972 /* NSDictionary_DeepMutableCopy.m */; settings = {COMPILER_FLAGS = "-fno-objc-arc"; }; };
		5F9F6FAA1678CA640089E972 /* RegexKitLite.m in Sources */ = {isa = PBXBuildFile; fileRef = 5F9F6F9D1678CA640089E972 /* RegexKitLite.m */; settings = {COMPILER_FLAGS = "-fno-objc-arc"; }; };
		5F9F70331678CA750089E972 /* NSDate+Timeago.m in Sources */ = {isa = PBXBuildFile; fileRef = 5F9F6FB11678CA750089E972 /* NSDate+Timeago.m */; };
		5F9F70341678CA750089E972 /* UIBarButtonItem+RubyChina.m in Sources */ = {isa = PBXBuildFile; fileRef = 5F9F6FB31678CA750089E972 /* UIBarButtonItem+RubyChina.m */; };
		5F9F70351678CA750089E972 /* add_page_list_plus_btn.png in Resources */ = {isa = PBXBuildFile; fileRef = 5F9F6FB61678CA750089E972 /* add_page_list_plus_btn.png */; };
		5F9F70361678CA750089E972 /* add_page_list_plus_btn@2x.png in Resources */ = {isa = PBXBuildFile; fileRef = 5F9F6FB71678CA750089E972 /* add_page_list_plus_btn@2x.png */; };
		5F9F70371678CA750089E972 /* add_page_list_plus_btn_pressed.png in Resources */ = {isa = PBXBuildFile; fileRef = 5F9F6FB81678CA750089E972 /* add_page_list_plus_btn_pressed.png */; };
		5F9F70381678CA750089E972 /* add_page_list_plus_btn_pressed@2x.png in Resources */ = {isa = PBXBuildFile; fileRef = 5F9F6FB91678CA750089E972 /* add_page_list_plus_btn_pressed@2x.png */; };
		5F9F70391678CA750089E972 /* add_page_list_tick_btn.png in Resources */ = {isa = PBXBuildFile; fileRef = 5F9F6FBA1678CA750089E972 /* add_page_list_tick_btn.png */; };
		5F9F703A1678CA750089E972 /* add_page_list_tick_btn@2x.png in Resources */ = {isa = PBXBuildFile; fileRef = 5F9F6FBB1678CA750089E972 /* add_page_list_tick_btn@2x.png */; };
		5F9F703B1678CA750089E972 /* add_page_list_tick_btn_pressed.png in Resources */ = {isa = PBXBuildFile; fileRef = 5F9F6FBC1678CA750089E972 /* add_page_list_tick_btn_pressed.png */; };
		5F9F703C1678CA750089E972 /* add_page_list_tick_btn_pressed@2x.png in Resources */ = {isa = PBXBuildFile; fileRef = 5F9F6FBD1678CA750089E972 /* add_page_list_tick_btn_pressed@2x.png */; };
		5F9F703D1678CA750089E972 /* avatar.png in Resources */ = {isa = PBXBuildFile; fileRef = 5F9F6FBE1678CA750089E972 /* avatar.png */; };
		5F9F703E1678CA750089E972 /* bg.png in Resources */ = {isa = PBXBuildFile; fileRef = 5F9F6FBF1678CA750089E972 /* bg.png */; };
		5F9F70421678CA750089E972 /* navigation_background.png in Resources */ = {isa = PBXBuildFile; fileRef = 5F9F6FC31678CA750089E972 /* navigation_background.png */; };
		5F9F70431678CA750089E972 /* navigation_background@2x.png in Resources */ = {isa = PBXBuildFile; fileRef = 5F9F6FC41678CA750089E972 /* navigation_background@2x.png */; };
		5F9F70441678CA750089E972 /* navigation_list_arrow.png in Resources */ = {isa = PBXBuildFile; fileRef = 5F9F6FC51678CA750089E972 /* navigation_list_arrow.png */; };
		5F9F70451678CA750089E972 /* navigation_list_arrow@2x.png in Resources */ = {isa = PBXBuildFile; fileRef = 5F9F6FC61678CA750089E972 /* navigation_list_arrow@2x.png */; };
		5F9F70461678CA750089E972 /* navigation_list_background.png in Resources */ = {isa = PBXBuildFile; fileRef = 5F9F6FC71678CA750089E972 /* navigation_list_background.png */; };
		5F9F70471678CA750089E972 /* navigation_list_background@2x.png in Resources */ = {isa = PBXBuildFile; fileRef = 5F9F6FC81678CA750089E972 /* navigation_list_background@2x.png */; };
		5F9F70481678CA750089E972 /* navigation_list_foucs.png in Resources */ = {isa = PBXBuildFile; fileRef = 5F9F6FC91678CA750089E972 /* navigation_list_foucs.png */; };
		5F9F70491678CA750089E972 /* navigation_list_foucs@2x.png in Resources */ = {isa = PBXBuildFile; fileRef = 5F9F6FCA1678CA750089E972 /* navigation_list_foucs@2x.png */; };
		5F9F704A1678CA750089E972 /* navigation_top_bar_add_btn.png in Resources */ = {isa = PBXBuildFile; fileRef = 5F9F6FCB1678CA750089E972 /* navigation_top_bar_add_btn.png */; };
		5F9F704B1678CA750089E972 /* navigation_top_bar_add_btn@2x.png in Resources */ = {isa = PBXBuildFile; fileRef = 5F9F6FCC1678CA750089E972 /* navigation_top_bar_add_btn@2x.png */; };
		5F9F704C1678CA750089E972 /* navigation_top_bar_add_btn_pressed.png in Resources */ = {isa = PBXBuildFile; fileRef = 5F9F6FCD1678CA750089E972 /* navigation_top_bar_add_btn_pressed.png */; };
		5F9F704D1678CA750089E972 /* navigation_top_bar_add_btn_pressed@2x.png in Resources */ = {isa = PBXBuildFile; fileRef = 5F9F6FCE1678CA750089E972 /* navigation_top_bar_add_btn_pressed@2x.png */; };
		5F9F704E1678CA750089E972 /* navigation_top_bar_background.png in Resources */ = {isa = PBXBuildFile; fileRef = 5F9F6FCF1678CA750089E972 /* navigation_top_bar_background.png */; };
		5F9F704F1678CA750089E972 /* navigation_top_bar_background@2x.png in Resources */ = {isa = PBXBuildFile; fileRef = 5F9F6FD01678CA750089E972 /* navigation_top_bar_background@2x.png */; };
		5F9F70501678CA750089E972 /* navigation_top_bar_edit_btn.png in Resources */ = {isa = PBXBuildFile; fileRef = 5F9F6FD11678CA750089E972 /* navigation_top_bar_edit_btn.png */; };
		5F9F70511678CA750089E972 /* navigation_top_bar_edit_btn@2x.png in Resources */ = {isa = PBXBuildFile; fileRef = 5F9F6FD21678CA750089E972 /* navigation_top_bar_edit_btn@2x.png */; };
		5F9F70521678CA750089E972 /* navigation_top_bar_edit_btn_pressed.png in Resources */ = {isa = PBXBuildFile; fileRef = 5F9F6FD31678CA750089E972 /* navigation_top_bar_edit_btn_pressed.png */; };
		5F9F70531678CA750089E972 /* navigation_top_bar_edit_btn_pressed@2x.png in Resources */ = {isa = PBXBuildFile; fileRef = 5F9F6FD41678CA750089E972 /* navigation_top_bar_edit_btn_pressed@2x.png */; };
		5F9F70541678CA750089E972 /* navigation_top_bar_line.png in Resources */ = {isa = PBXBuildFile; fileRef = 5F9F6FD51678CA750089E972 /* navigation_top_bar_line.png */; };
		5F9F70551678CA750089E972 /* navigation_top_bar_line@2x.png in Resources */ = {isa = PBXBuildFile; fileRef = 5F9F6FD61678CA750089E972 /* navigation_top_bar_line@2x.png */; };
		5F9F70561678CA750089E972 /* navigation_top_bar_over_btn.png in Resources */ = {isa = PBXBuildFile; fileRef = 5F9F6FD71678CA750089E972 /* navigation_top_bar_over_btn.png */; };
		5F9F70571678CA750089E972 /* navigation_top_bar_over_btn@2x.png in Resources */ = {isa = PBXBuildFile; fileRef = 5F9F6FD81678CA750089E972 /* navigation_top_bar_over_btn@2x.png */; };
		5F9F70581678CA750089E972 /* navigation_top_bar_over_btn_pressed.png in Resources */ = {isa = PBXBuildFile; fileRef = 5F9F6FD91678CA750089E972 /* navigation_top_bar_over_btn_pressed.png */; };
		5F9F70591678CA750089E972 /* navigation_top_bar_over_btn_pressed@2x.png in Resources */ = {isa = PBXBuildFile; fileRef = 5F9F6FDA1678CA750089E972 /* navigation_top_bar_over_btn_pressed@2x.png */; };
		5F9F705A1678CA750089E972 /* navigation_top_bar_setting_btn.png in Resources */ = {isa = PBXBuildFile; fileRef = 5F9F6FDB1678CA750089E972 /* navigation_top_bar_setting_btn.png */; };
		5F9F705B1678CA750089E972 /* navigation_top_bar_setting_btn@2x.png in Resources */ = {isa = PBXBuildFile; fileRef = 5F9F6FDC1678CA750089E972 /* navigation_top_bar_setting_btn@2x.png */; };
		5F9F705C1678CA750089E972 /* navigation_top_bar_setting_btn_pressed.png in Resources */ = {isa = PBXBuildFile; fileRef = 5F9F6FDD1678CA750089E972 /* navigation_top_bar_setting_btn_pressed.png */; };
		5F9F705D1678CA750089E972 /* navigation_top_bar_setting_btn_pressed@2x.png in Resources */ = {isa = PBXBuildFile; fileRef = 5F9F6FDE1678CA750089E972 /* navigation_top_bar_setting_btn_pressed@2x.png */; };
		5F9F705E1678CA750089E972 /* search_add_page_cancel_btn@2x.png in Resources */ = {isa = PBXBuildFile; fileRef = 5F9F6FDF1678CA750089E972 /* search_add_page_cancel_btn@2x.png */; };
		5F9F705F1678CA750089E972 /* search_add_page_cancel_btn_pressed@2x.png in Resources */ = {isa = PBXBuildFile; fileRef = 5F9F6FE01678CA750089E972 /* search_add_page_cancel_btn_pressed@2x.png */; };
		5F9F70601678CA750089E972 /* search_add_page_search_box@2x.png in Resources */ = {isa = PBXBuildFile; fileRef = 5F9F6FE11678CA750089E972 /* search_add_page_search_box@2x.png */; };
		5F9F70611678CA750089E972 /* search_page_cancel_btn.png in Resources */ = {isa = PBXBuildFile; fileRef = 5F9F6FE21678CA750089E972 /* search_page_cancel_btn.png */; };
		5F9F70621678CA750089E972 /* search_page_cancel_btn_pressed.png in Resources */ = {isa = PBXBuildFile; fileRef = 5F9F6FE31678CA750089E972 /* search_page_cancel_btn_pressed.png */; };
		5F9F70631678CA750089E972 /* search_page_search_box.png in Resources */ = {isa = PBXBuildFile; fileRef = 5F9F6FE41678CA750089E972 /* search_page_search_box.png */; };
		5F9F70641678CA750089E972 /* text_page_notice_window_background.png in Resources */ = {isa = PBXBuildFile; fileRef = 5F9F6FE51678CA750089E972 /* text_page_notice_window_background.png */; };
		5F9F70651678CA750089E972 /* text_page_notice_window_background@2x.png in Resources */ = {isa = PBXBuildFile; fileRef = 5F9F6FE61678CA750089E972 /* text_page_notice_window_background@2x.png */; };
		5F9F70661678CA750089E972 /* text_page_pic_tool_bar_back_btn.png in Resources */ = {isa = PBXBuildFile; fileRef = 5F9F6FE71678CA750089E972 /* text_page_pic_tool_bar_back_btn.png */; };
		5F9F70671678CA750089E972 /* text_page_pic_tool_bar_back_btn@2x.png in Resources */ = {isa = PBXBuildFile; fileRef = 5F9F6FE81678CA750089E972 /* text_page_pic_tool_bar_back_btn@2x.png */; };
		5F9F70681678CA750089E972 /* text_page_pic_tool_bar_back_btn_pressed.png in Resources */ = {isa = PBXBuildFile; fileRef = 5F9F6FE91678CA750089E972 /* text_page_pic_tool_bar_back_btn_pressed.png */; };
		5F9F70691678CA750089E972 /* text_page_pic_tool_bar_back_btn_pressed@2x.png in Resources */ = {isa = PBXBuildFile; fileRef = 5F9F6FEA1678CA750089E972 /* text_page_pic_tool_bar_back_btn_pressed@2x.png */; };
		5F9F706A1678CA750089E972 /* text_page_tool_bar.png in Resources */ = {isa = PBXBuildFile; fileRef = 5F9F6FEB1678CA750089E972 /* text_page_tool_bar.png */; };
		5F9F706B1678CA750089E972 /* text_page_tool_bar@2x.png in Resources */ = {isa = PBXBuildFile; fileRef = 5F9F6FEC1678CA750089E972 /* text_page_tool_bar@2x.png */; };
		5F9F706C1678CA750089E972 /* text_page_tool_bar_back_btn.png in Resources */ = {isa = PBXBuildFile; fileRef = 5F9F6FED1678CA750089E972 /* text_page_tool_bar_back_btn.png */; };
		5F9F706D1678CA750089E972 /* text_page_tool_bar_back_btn@2x.png in Resources */ = {isa = PBXBuildFile; fileRef = 5F9F6FEE1678CA750089E972 /* text_page_tool_bar_back_btn@2x.png */; };
		5F9F706E1678CA750089E972 /* text_page_tool_bar_collect_btn.png in Resources */ = {isa = PBXBuildFile; fileRef = 5F9F6FEF1678CA750089E972 /* text_page_tool_bar_collect_btn.png */; };
		5F9F706F1678CA750089E972 /* text_page_tool_bar_collect_btn@2x.png in Resources */ = {isa = PBXBuildFile; fileRef = 5F9F6FF01678CA750089E972 /* text_page_tool_bar_collect_btn@2x.png */; };
		5F9F70701678CA750089E972 /* text_page_tool_bar_collect_btn_selected.png in Resources */ = {isa = PBXBuildFile; fileRef = 5F9F6FF11678CA750089E972 /* text_page_tool_bar_collect_btn_selected.png */; };
		5F9F70711678CA750089E972 /* text_page_tool_bar_collect_btn_selected@2x.png in Resources */ = {isa = PBXBuildFile; fileRef = 5F9F6FF21678CA750089E972 /* text_page_tool_bar_collect_btn_selected@2x.png */; };
		5F9F70721678CA750089E972 /* text_page_tool_bar_like_btn.png in Resources */ = {isa = PBXBuildFile; fileRef = 5F9F6FF31678CA750089E972 /* text_page_tool_bar_like_btn.png */; };
		5F9F70731678CA750089E972 /* text_page_tool_bar_like_btn@2x.png in Resources */ = {isa = PBXBuildFile; fileRef = 5F9F6FF41678CA750089E972 /* text_page_tool_bar_like_btn@2x.png */; };
		5F9F70741678CA750089E972 /* text_page_tool_bar_like_btn_selected.png in Resources */ = {isa = PBXBuildFile; fileRef = 5F9F6FF51678CA750089E972 /* text_page_tool_bar_like_btn_selected.png */; };
		5F9F70751678CA750089E972 /* text_page_tool_bar_like_btn_selected@2x.png in Resources */ = {isa = PBXBuildFile; fileRef = 5F9F6FF61678CA750089E972 /* text_page_tool_bar_like_btn_selected@2x.png */; };
		5F9F70761678CA750089E972 /* text_page_top_bar_back_btn.png in Resources */ = {isa = PBXBuildFile; fileRef = 5F9F6FF71678CA750089E972 /* text_page_top_bar_back_btn.png */; };
		5F9F70771678CA750089E972 /* text_page_top_bar_back_btn@2x.png in Resources */ = {isa = PBXBuildFile; fileRef = 5F9F6FF81678CA750089E972 /* text_page_top_bar_back_btn@2x.png */; };
		5F9F70781678CA750089E972 /* text_page_top_bar_refresh_btn.png in Resources */ = {isa = PBXBuildFile; fileRef = 5F9F6FF91678CA750089E972 /* text_page_top_bar_refresh_btn.png */; };
		5F9F70791678CA750089E972 /* text_page_top_bar_refresh_btn@2x.png in Resources */ = {isa = PBXBuildFile; fileRef = 5F9F6FFA1678CA750089E972 /* text_page_top_bar_refresh_btn@2x.png */; };
		5F9F707A1678CA750089E972 /* top_bar_back_btn.png in Resources */ = {isa = PBXBuildFile; fileRef = 5F9F6FFB1678CA750089E972 /* top_bar_back_btn.png */; };
		5F9F707B1678CA750089E972 /* top_bar_back_btn@2x.png in Resources */ = {isa = PBXBuildFile; fileRef = 5F9F6FFC1678CA750089E972 /* top_bar_back_btn@2x.png */; };
		5F9F707C1678CA750089E972 /* top_bar_back_btn_pressed.png in Resources */ = {isa = PBXBuildFile; fileRef = 5F9F6FFD1678CA750089E972 /* top_bar_back_btn_pressed.png */; };
		5F9F707D1678CA750089E972 /* top_bar_back_btn_pressed@2x.png in Resources */ = {isa = PBXBuildFile; fileRef = 5F9F6FFE1678CA750089E972 /* top_bar_back_btn_pressed@2x.png */; };
		5F9F707E1678CA750089E972 /* top_bar_close_btn.png in Resources */ = {isa = PBXBuildFile; fileRef = 5F9F6FFF1678CA750089E972 /* top_bar_close_btn.png */; };
		5F9F707F1678CA750089E972 /* top_bar_close_btn@2x.png in Resources */ = {isa = PBXBuildFile; fileRef = 5F9F70001678CA750089E972 /* top_bar_close_btn@2x.png */; };
		5F9F70801678CA750089E972 /* top_bar_close_btn_pressed.png in Resources */ = {isa = PBXBuildFile; fileRef = 5F9F70011678CA750089E972 /* top_bar_close_btn_pressed.png */; };
		5F9F70811678CA750089E972 /* top_bar_close_btn_pressed@2x.png in Resources */ = {isa = PBXBuildFile; fileRef = 5F9F70021678CA750089E972 /* top_bar_close_btn_pressed@2x.png */; };
		5F9F70821678CA750089E972 /* top_bar_navigation_btn.png in Resources */ = {isa = PBXBuildFile; fileRef = 5F9F70031678CA750089E972 /* top_bar_navigation_btn.png */; };
		5F9F70831678CA750089E972 /* top_bar_navigation_btn@2x.png in Resources */ = {isa = PBXBuildFile; fileRef = 5F9F70041678CA750089E972 /* top_bar_navigation_btn@2x.png */; };
		5F9F70841678CA750089E972 /* top_bar_navigation_btn_pressed.png in Resources */ = {isa = PBXBuildFile; fileRef = 5F9F70051678CA750089E972 /* top_bar_navigation_btn_pressed.png */; };
		5F9F70851678CA750089E972 /* top_bar_navigation_btn_pressed@2x.png in Resources */ = {isa = PBXBuildFile; fileRef = 5F9F70061678CA750089E972 /* top_bar_navigation_btn_pressed@2x.png */; };
		5F9F70861678CA750089E972 /* top_bar_refresh_btn_pressed.png in Resources */ = {isa = PBXBuildFile; fileRef = 5F9F70071678CA750089E972 /* top_bar_refresh_btn_pressed.png */; };
		5F9F70871678CA750089E972 /* top_bar_refresh_btn_pressed@2x.png in Resources */ = {isa = PBXBuildFile; fileRef = 5F9F70081678CA750089E972 /* top_bar_refresh_btn_pressed@2x.png */; };
		5F9F70881678CA750089E972 /* top_tool_bar_background.png in Resources */ = {isa = PBXBuildFile; fileRef = 5F9F70091678CA750089E972 /* top_tool_bar_background.png */; };
		5F9F70891678CA750089E972 /* top_tool_bar_background@2x.png in Resources */ = {isa = PBXBuildFile; fileRef = 5F9F700A1678CA750089E972 /* top_tool_bar_background@2x.png */; };
		5F9F70A31678CCE90089E972 /* ruby_china.css in Resources */ = {isa = PBXBuildFile; fileRef = 5F9F70A01678CCE90089E972 /* ruby_china.css */; };
		5F9F70A41678CCE90089E972 /* topic_detail.css in Resources */ = {isa = PBXBuildFile; fileRef = 5F9F70A11678CCE90089E972 /* topic_detail.css */; };
		5F9F70A51678CCE90089E972 /* topic_detail.tmpl in Resources */ = {isa = PBXBuildFile; fileRef = 5F9F70A21678CCE90089E972 /* topic_detail.tmpl */; };
		5F9F70B41678D1210089E972 /* Default-568h@2x.png in Resources */ = {isa = PBXBuildFile; fileRef = 5F9F70B11678D1210089E972 /* Default-568h@2x.png */; };
		5F9F70B51678D1210089E972 /* Default.png in Resources */ = {isa = PBXBuildFile; fileRef = 5F9F70B21678D1210089E972 /* Default.png */; };
		5F9F70B61678D1210089E972 /* Default@2x.png in Resources */ = {isa = PBXBuildFile; fileRef = 5F9F70B31678D1210089E972 /* Default@2x.png */; };
		5F9F70F31678ECD40089E972 /* RCNewTopicViewController.m in Sources */ = {isa = PBXBuildFile; fileRef = 5F9F70CE1678ECD40089E972 /* RCNewTopicViewController.m */; };
		5F9F70F41678ECD40089E972 /* RCNewTopicViewController.xib in Resources */ = {isa = PBXBuildFile; fileRef = 5F9F70CF1678ECD40089E972 /* RCNewTopicViewController.xib */; };
		5F9F70F51678ECD40089E972 /* RCNodesViewController.m in Sources */ = {isa = PBXBuildFile; fileRef = 5F9F70D11678ECD40089E972 /* RCNodesViewController.m */; };
		5F9F70F61678ECD40089E972 /* RCReplyViewController.m in Sources */ = {isa = PBXBuildFile; fileRef = 5F9F70D31678ECD40089E972 /* RCReplyViewController.m */; };
		5F9F70F71678ECD40089E972 /* RCSettingViewController.m in Sources */ = {isa = PBXBuildFile; fileRef = 5F9F70D51678ECD40089E972 /* RCSettingViewController.m */; };
		5F9F70F81678ECD40089E972 /* RCSideContainerViewController.m in Sources */ = {isa = PBXBuildFile; fileRef = 5F9F70D71678ECD40089E972 /* RCSideContainerViewController.m */; };
		5F9F70F91678ECD40089E972 /* RCTopicDetailViewController.m in Sources */ = {isa = PBXBuildFile; fileRef = 5F9F70D91678ECD40089E972 /* RCTopicDetailViewController.m */; };
		5F9F70FA1678ECD40089E972 /* RCTopicMasterViewController.m in Sources */ = {isa = PBXBuildFile; fileRef = 5F9F70DB1678ECD40089E972 /* RCTopicMasterViewController.m */; };
		5F9F70FB1678ECD40089E972 /* RCUserViewController.m in Sources */ = {isa = PBXBuildFile; fileRef = 5F9F70DD1678ECD40089E972 /* RCUserViewController.m */; };
		5F9F70FC1678ECD40089E972 /* RCUserViewController.xib in Resources */ = {isa = PBXBuildFile; fileRef = 5F9F70DE1678ECD40089E972 /* RCUserViewController.xib */; };
		5F9F70FD1678ECD40089E972 /* UIViewController+RubyChina.m in Sources */ = {isa = PBXBuildFile; fileRef = 5F9F70E01678ECD40089E972 /* UIViewController+RubyChina.m */; };
		5F9F70FE1678ECD40089E972 /* Node.m in Sources */ = {isa = PBXBuildFile; fileRef = 5F9F70E31678ECD40089E972 /* Node.m */; };
		5F9F70FF1678ECD40089E972 /* Node.xcdatamodeld in Sources */ = {isa = PBXBuildFile; fileRef = 5F9F70E41678ECD40089E972 /* Node.xcdatamodeld */; };
		5F9F71001678ECD40089E972 /* Reply.m in Sources */ = {isa = PBXBuildFile; fileRef = 5F9F70E61678ECD40089E972 /* Reply.m */; };
		5F9F71011678ECD40089E972 /* Topic.m in Sources */ = {isa = PBXBuildFile; fileRef = 5F9F70E81678ECD40089E972 /* Topic.m */; };
		5F9F71021678ECD40089E972 /* User.m in Sources */ = {isa = PBXBuildFile; fileRef = 5F9F70EA1678ECD40089E972 /* User.m */; };
		5F9F71031678ECD40089E972 /* RCAppDelegate.m in Sources */ = {isa = PBXBuildFile; fileRef = 5F9F70EC1678ECD40089E972 /* RCAppDelegate.m */; };
		5F9F71041678ECD40089E972 /* BButton.m in Sources */ = {isa = PBXBuildFile; fileRef = 5F9F70EF1678ECD40089E972 /* BButton.m */; };
		5F9F71051678ECD40089E972 /* RCTopicTableCell.m in Sources */ = {isa = PBXBuildFile; fileRef = 5F9F70F21678ECD40089E972 /* RCTopicTableCell.m */; };
		5FCBA3D7165D495300EB8373 /* CoreGraphics.framework in Frameworks */ = {isa = PBXBuildFile; fileRef = 5FCBA3D6165D495300EB8373 /* CoreGraphics.framework */; };
		5FCBA3D9165D4A5E00EB8373 /* libicucore.dylib in Frameworks */ = {isa = PBXBuildFile; fileRef = 5FCBA3D8165D4A5E00EB8373 /* libicucore.dylib */; };
		5FEBEC501676253E00A906A2 /* node_seed.sqlite in Resources */ = {isa = PBXBuildFile; fileRef = 5FEBEC4F1676253E00A906A2 /* node_seed.sqlite */; };
		6ACB11F251C645B2AA95427F /* libPods.a in Frameworks */ = {isa = PBXBuildFile; fileRef = 88D4D26BD238464EAE106F80 /* libPods.a */; };
/* End PBXBuildFile section */

/* Begin PBXCopyFilesBuildPhase section */
		5FCBA3CC165D436300EB8373 /* CopyFiles */ = {
			isa = PBXCopyFilesBuildPhase;
			buildActionMask = 2147483647;
			dstPath = "";
			dstSubfolderSpec = 10;
			files = (
			);
			runOnlyForDeploymentPostprocessing = 0;
		};
/* End PBXCopyFilesBuildPhase section */

/* Begin PBXFileReference section */
		141343EA920E4CAFBFA2A61F /* Pods.xcconfig */ = {isa = PBXFileReference; includeInIndex = 1; lastKnownFileType = text.xcconfig; name = Pods.xcconfig; path = Pods/Pods.xcconfig; sourceTree = SOURCE_ROOT; };
		5F1A0514164FA80E007C0FBB /* RubyChina.app */ = {isa = PBXFileReference; explicitFileType = wrapper.application; includeInIndex = 0; path = RubyChina.app; sourceTree = BUILT_PRODUCTS_DIR; };
		5F1A051A164FA80E007C0FBB /* Foundation.framework */ = {isa = PBXFileReference; includeInIndex = 1; lastKnownFileType = wrapper.framework; name = Foundation.framework; path = System/Library/Frameworks/Foundation.framework; sourceTree = SDKROOT; };
		5F1A0520164FA80E007C0FBB /* RubyChina-Info.plist */ = {isa = PBXFileReference; lastKnownFileType = text.plist.xml; path = "RubyChina-Info.plist"; sourceTree = "<group>"; };
		5F1A0522164FA80E007C0FBB /* en */ = {isa = PBXFileReference; lastKnownFileType = text.plist.strings; name = en; path = en.lproj/InfoPlist.strings; sourceTree = "<group>"; };
		5F1A0524164FA80E007C0FBB /* main.m */ = {isa = PBXFileReference; lastKnownFileType = sourcecode.c.objc; path = main.m; sourceTree = "<group>"; };
		5F1A0526164FA80E007C0FBB /* RubyChina-Prefix.pch */ = {isa = PBXFileReference; lastKnownFileType = sourcecode.c.h; path = "RubyChina-Prefix.pch"; sourceTree = "<group>"; };
		5F66265D16554FA100F209D0 /* QuartzCore.framework */ = {isa = PBXFileReference; lastKnownFileType = wrapper.framework; name = QuartzCore.framework; path = System/Library/Frameworks/QuartzCore.framework; sourceTree = SDKROOT; };
		5F78576B165D32AB00F74AF9 /* UIKit.framework */ = {isa = PBXFileReference; lastKnownFileType = wrapper.framework; name = UIKit.framework; path = Platforms/iPhoneOS.platform/Developer/SDKs/iPhoneOS6.0.sdk/System/Library/Frameworks/UIKit.framework; sourceTree = DEVELOPER_DIR; };
		5F8EA3F41663BBBF0013426B /* Node.xcdatamodel */ = {isa = PBXFileReference; lastKnownFileType = wrapper.xcdatamodel; path = Node.xcdatamodel; sourceTree = "<group>"; };
		5F9F6F8A1678CA640089E972 /* LoadMoreTableFooterView.h */ = {isa = PBXFileReference; fileEncoding = 4; lastKnownFileType = sourcecode.c.h; path = LoadMoreTableFooterView.h; sourceTree = "<group>"; };
		5F9F6F8B1678CA640089E972 /* LoadMoreTableFooterView.m */ = {isa = PBXFileReference; fileEncoding = 4; lastKnownFileType = sourcecode.c.objc; path = LoadMoreTableFooterView.m; sourceTree = "<group>"; };
		5F9F6F8D1678CA640089E972 /* DeepMutableCopy.h */ = {isa = PBXFileReference; fileEncoding = 4; lastKnownFileType = sourcecode.c.h; path = DeepMutableCopy.h; sourceTree = "<group>"; };
		5F9F6F8E1678CA640089E972 /* ICUTemplateMatcher.h */ = {isa = PBXFileReference; fileEncoding = 4; lastKnownFileType = sourcecode.c.h; path = ICUTemplateMatcher.h; sourceTree = "<group>"; };
		5F9F6F8F1678CA640089E972 /* ICUTemplateMatcher.m */ = {isa = PBXFileReference; fileEncoding = 4; lastKnownFileType = sourcecode.c.objc; path = ICUTemplateMatcher.m; sourceTree = "<group>"; };
		5F9F6F901678CA640089E972 /* MGTemplateEngine.h */ = {isa = PBXFileReference; fileEncoding = 4; lastKnownFileType = sourcecode.c.h; path = MGTemplateEngine.h; sourceTree = "<group>"; };
		5F9F6F911678CA640089E972 /* MGTemplateEngine.m */ = {isa = PBXFileReference; fileEncoding = 4; lastKnownFileType = sourcecode.c.objc; path = MGTemplateEngine.m; sourceTree = "<group>"; };
		5F9F6F921678CA640089E972 /* MGTemplateFilter.h */ = {isa = PBXFileReference; fileEncoding = 4; lastKnownFileType = sourcecode.c.h; path = MGTemplateFilter.h; sourceTree = "<group>"; };
		5F9F6F931678CA640089E972 /* MGTemplateMarker.h */ = {isa = PBXFileReference; fileEncoding = 4; lastKnownFileType = sourcecode.c.h; path = MGTemplateMarker.h; sourceTree = "<group>"; };
		5F9F6F941678CA640089E972 /* MGTemplateStandardFilters.h */ = {isa = PBXFileReference; fileEncoding = 4; lastKnownFileType = sourcecode.c.h; path = MGTemplateStandardFilters.h; sourceTree = "<group>"; };
		5F9F6F951678CA640089E972 /* MGTemplateStandardFilters.m */ = {isa = PBXFileReference; fileEncoding = 4; lastKnownFileType = sourcecode.c.objc; path = MGTemplateStandardFilters.m; sourceTree = "<group>"; };
		5F9F6F961678CA640089E972 /* MGTemplateStandardMarkers.h */ = {isa = PBXFileReference; fileEncoding = 4; lastKnownFileType = sourcecode.c.h; path = MGTemplateStandardMarkers.h; sourceTree = "<group>"; };
		5F9F6F971678CA640089E972 /* MGTemplateStandardMarkers.m */ = {isa = PBXFileReference; fileEncoding = 4; lastKnownFileType = sourcecode.c.objc; path = MGTemplateStandardMarkers.m; sourceTree = "<group>"; };
		5F9F6F981678CA640089E972 /* NSArray_DeepMutableCopy.h */ = {isa = PBXFileReference; fileEncoding = 4; lastKnownFileType = sourcecode.c.h; path = NSArray_DeepMutableCopy.h; sourceTree = "<group>"; };
		5F9F6F991678CA640089E972 /* NSArray_DeepMutableCopy.m */ = {isa = PBXFileReference; fileEncoding = 4; lastKnownFileType = sourcecode.c.objc; path = NSArray_DeepMutableCopy.m; sourceTree = "<group>"; };
		5F9F6F9A1678CA640089E972 /* NSDictionary_DeepMutableCopy.h */ = {isa = PBXFileReference; fileEncoding = 4; lastKnownFileType = sourcecode.c.h; path = NSDictionary_DeepMutableCopy.h; sourceTree = "<group>"; };
		5F9F6F9B1678CA640089E972 /* NSDictionary_DeepMutableCopy.m */ = {isa = PBXFileReference; fileEncoding = 4; lastKnownFileType = sourcecode.c.objc; path = NSDictionary_DeepMutableCopy.m; sourceTree = "<group>"; };
		5F9F6F9C1678CA640089E972 /* RegexKitLite.h */ = {isa = PBXFileReference; fileEncoding = 4; lastKnownFileType = sourcecode.c.h; path = RegexKitLite.h; sourceTree = "<group>"; };
		5F9F6F9D1678CA640089E972 /* RegexKitLite.m */ = {isa = PBXFileReference; fileEncoding = 4; lastKnownFileType = sourcecode.c.objc; path = RegexKitLite.m; sourceTree = "<group>"; };
		5F9F6F9E1678CA640089E972 /* RegexKitTemplateMatcher.h */ = {isa = PBXFileReference; fileEncoding = 4; lastKnownFileType = sourcecode.c.h; path = RegexKitTemplateMatcher.h; sourceTree = "<group>"; };
		5F9F6F9F1678CA640089E972 /* RegexKitTemplateMatcher.m */ = {isa = PBXFileReference; fileEncoding = 4; lastKnownFileType = sourcecode.c.objc; path = RegexKitTemplateMatcher.m; sourceTree = "<group>"; };
		5F9F6FB01678CA750089E972 /* NSDate+Timeago.h */ = {isa = PBXFileReference; fileEncoding = 4; lastKnownFileType = sourcecode.c.h; path = "NSDate+Timeago.h"; sourceTree = "<group>"; };
		5F9F6FB11678CA750089E972 /* NSDate+Timeago.m */ = {isa = PBXFileReference; fileEncoding = 4; lastKnownFileType = sourcecode.c.objc; path = "NSDate+Timeago.m"; sourceTree = "<group>"; };
		5F9F6FB21678CA750089E972 /* UIBarButtonItem+RubyChina.h */ = {isa = PBXFileReference; fileEncoding = 4; lastKnownFileType = sourcecode.c.h; path = "UIBarButtonItem+RubyChina.h"; sourceTree = "<group>"; };
		5F9F6FB31678CA750089E972 /* UIBarButtonItem+RubyChina.m */ = {isa = PBXFileReference; fileEncoding = 4; lastKnownFileType = sourcecode.c.objc; path = "UIBarButtonItem+RubyChina.m"; sourceTree = "<group>"; };
		5F9F6FB61678CA750089E972 /* add_page_list_plus_btn.png */ = {isa = PBXFileReference; lastKnownFileType = image.png; path = add_page_list_plus_btn.png; sourceTree = "<group>"; };
		5F9F6FB71678CA750089E972 /* add_page_list_plus_btn@2x.png */ = {isa = PBXFileReference; lastKnownFileType = image.png; path = "add_page_list_plus_btn@2x.png"; sourceTree = "<group>"; };
		5F9F6FB81678CA750089E972 /* add_page_list_plus_btn_pressed.png */ = {isa = PBXFileReference; lastKnownFileType = image.png; path = add_page_list_plus_btn_pressed.png; sourceTree = "<group>"; };
		5F9F6FB91678CA750089E972 /* add_page_list_plus_btn_pressed@2x.png */ = {isa = PBXFileReference; lastKnownFileType = image.png; path = "add_page_list_plus_btn_pressed@2x.png"; sourceTree = "<group>"; };
		5F9F6FBA1678CA750089E972 /* add_page_list_tick_btn.png */ = {isa = PBXFileReference; lastKnownFileType = image.png; path = add_page_list_tick_btn.png; sourceTree = "<group>"; };
		5F9F6FBB1678CA750089E972 /* add_page_list_tick_btn@2x.png */ = {isa = PBXFileReference; lastKnownFileType = image.png; path = "add_page_list_tick_btn@2x.png"; sourceTree = "<group>"; };
		5F9F6FBC1678CA750089E972 /* add_page_list_tick_btn_pressed.png */ = {isa = PBXFileReference; lastKnownFileType = image.png; path = add_page_list_tick_btn_pressed.png; sourceTree = "<group>"; };
		5F9F6FBD1678CA750089E972 /* add_page_list_tick_btn_pressed@2x.png */ = {isa = PBXFileReference; lastKnownFileType = image.png; path = "add_page_list_tick_btn_pressed@2x.png"; sourceTree = "<group>"; };
		5F9F6FBE1678CA750089E972 /* avatar.png */ = {isa = PBXFileReference; lastKnownFileType = image.png; path = avatar.png; sourceTree = "<group>"; };
		5F9F6FBF1678CA750089E972 /* bg.png */ = {isa = PBXFileReference; lastKnownFileType = image.png; path = bg.png; sourceTree = "<group>"; };
		5F9F6FC31678CA750089E972 /* navigation_background.png */ = {isa = PBXFileReference; lastKnownFileType = image.png; path = navigation_background.png; sourceTree = "<group>"; };
		5F9F6FC41678CA750089E972 /* navigation_background@2x.png */ = {isa = PBXFileReference; lastKnownFileType = image.png; path = "navigation_background@2x.png"; sourceTree = "<group>"; };
		5F9F6FC51678CA750089E972 /* navigation_list_arrow.png */ = {isa = PBXFileReference; lastKnownFileType = image.png; path = navigation_list_arrow.png; sourceTree = "<group>"; };
		5F9F6FC61678CA750089E972 /* navigation_list_arrow@2x.png */ = {isa = PBXFileReference; lastKnownFileType = image.png; path = "navigation_list_arrow@2x.png"; sourceTree = "<group>"; };
		5F9F6FC71678CA750089E972 /* navigation_list_background.png */ = {isa = PBXFileReference; lastKnownFileType = image.png; path = navigation_list_background.png; sourceTree = "<group>"; };
		5F9F6FC81678CA750089E972 /* navigation_list_background@2x.png */ = {isa = PBXFileReference; lastKnownFileType = image.png; path = "navigation_list_background@2x.png"; sourceTree = "<group>"; };
		5F9F6FC91678CA750089E972 /* navigation_list_foucs.png */ = {isa = PBXFileReference; lastKnownFileType = image.png; path = navigation_list_foucs.png; sourceTree = "<group>"; };
		5F9F6FCA1678CA750089E972 /* navigation_list_foucs@2x.png */ = {isa = PBXFileReference; lastKnownFileType = image.png; path = "navigation_list_foucs@2x.png"; sourceTree = "<group>"; };
		5F9F6FCB1678CA750089E972 /* navigation_top_bar_add_btn.png */ = {isa = PBXFileReference; lastKnownFileType = image.png; path = navigation_top_bar_add_btn.png; sourceTree = "<group>"; };
		5F9F6FCC1678CA750089E972 /* navigation_top_bar_add_btn@2x.png */ = {isa = PBXFileReference; lastKnownFileType = image.png; path = "navigation_top_bar_add_btn@2x.png"; sourceTree = "<group>"; };
		5F9F6FCD1678CA750089E972 /* navigation_top_bar_add_btn_pressed.png */ = {isa = PBXFileReference; lastKnownFileType = image.png; path = navigation_top_bar_add_btn_pressed.png; sourceTree = "<group>"; };
		5F9F6FCE1678CA750089E972 /* navigation_top_bar_add_btn_pressed@2x.png */ = {isa = PBXFileReference; lastKnownFileType = image.png; path = "navigation_top_bar_add_btn_pressed@2x.png"; sourceTree = "<group>"; };
		5F9F6FCF1678CA750089E972 /* navigation_top_bar_background.png */ = {isa = PBXFileReference; lastKnownFileType = image.png; path = navigation_top_bar_background.png; sourceTree = "<group>"; };
		5F9F6FD01678CA750089E972 /* navigation_top_bar_background@2x.png */ = {isa = PBXFileReference; lastKnownFileType = image.png; path = "navigation_top_bar_background@2x.png"; sourceTree = "<group>"; };
		5F9F6FD11678CA750089E972 /* navigation_top_bar_edit_btn.png */ = {isa = PBXFileReference; lastKnownFileType = image.png; path = navigation_top_bar_edit_btn.png; sourceTree = "<group>"; };
		5F9F6FD21678CA750089E972 /* navigation_top_bar_edit_btn@2x.png */ = {isa = PBXFileReference; lastKnownFileType = image.png; path = "navigation_top_bar_edit_btn@2x.png"; sourceTree = "<group>"; };
		5F9F6FD31678CA750089E972 /* navigation_top_bar_edit_btn_pressed.png */ = {isa = PBXFileReference; lastKnownFileType = image.png; path = navigation_top_bar_edit_btn_pressed.png; sourceTree = "<group>"; };
		5F9F6FD41678CA750089E972 /* navigation_top_bar_edit_btn_pressed@2x.png */ = {isa = PBXFileReference; lastKnownFileType = image.png; path = "navigation_top_bar_edit_btn_pressed@2x.png"; sourceTree = "<group>"; };
		5F9F6FD51678CA750089E972 /* navigation_top_bar_line.png */ = {isa = PBXFileReference; lastKnownFileType = image.png; path = navigation_top_bar_line.png; sourceTree = "<group>"; };
		5F9F6FD61678CA750089E972 /* navigation_top_bar_line@2x.png */ = {isa = PBXFileReference; lastKnownFileType = image.png; path = "navigation_top_bar_line@2x.png"; sourceTree = "<group>"; };
		5F9F6FD71678CA750089E972 /* navigation_top_bar_over_btn.png */ = {isa = PBXFileReference; lastKnownFileType = image.png; path = navigation_top_bar_over_btn.png; sourceTree = "<group>"; };
		5F9F6FD81678CA750089E972 /* navigation_top_bar_over_btn@2x.png */ = {isa = PBXFileReference; lastKnownFileType = image.png; path = "navigation_top_bar_over_btn@2x.png"; sourceTree = "<group>"; };
		5F9F6FD91678CA750089E972 /* navigation_top_bar_over_btn_pressed.png */ = {isa = PBXFileReference; lastKnownFileType = image.png; path = navigation_top_bar_over_btn_pressed.png; sourceTree = "<group>"; };
		5F9F6FDA1678CA750089E972 /* navigation_top_bar_over_btn_pressed@2x.png */ = {isa = PBXFileReference; lastKnownFileType = image.png; path = "navigation_top_bar_over_btn_pressed@2x.png"; sourceTree = "<group>"; };
		5F9F6FDB1678CA750089E972 /* navigation_top_bar_setting_btn.png */ = {isa = PBXFileReference; lastKnownFileType = image.png; path = navigation_top_bar_setting_btn.png; sourceTree = "<group>"; };
		5F9F6FDC1678CA750089E972 /* navigation_top_bar_setting_btn@2x.png */ = {isa = PBXFileReference; lastKnownFileType = image.png; path = "navigation_top_bar_setting_btn@2x.png"; sourceTree = "<group>"; };
		5F9F6FDD1678CA750089E972 /* navigation_top_bar_setting_btn_pressed.png */ = {isa = PBXFileReference; lastKnownFileType = image.png; path = navigation_top_bar_setting_btn_pressed.png; sourceTree = "<group>"; };
		5F9F6FDE1678CA750089E972 /* navigation_top_bar_setting_btn_pressed@2x.png */ = {isa = PBXFileReference; lastKnownFileType = image.png; path = "navigation_top_bar_setting_btn_pressed@2x.png"; sourceTree = "<group>"; };
		5F9F6FDF1678CA750089E972 /* search_add_page_cancel_btn@2x.png */ = {isa = PBXFileReference; lastKnownFileType = image.png; path = "search_add_page_cancel_btn@2x.png"; sourceTree = "<group>"; };
		5F9F6FE01678CA750089E972 /* search_add_page_cancel_btn_pressed@2x.png */ = {isa = PBXFileReference; lastKnownFileType = image.png; path = "search_add_page_cancel_btn_pressed@2x.png"; sourceTree = "<group>"; };
		5F9F6FE11678CA750089E972 /* search_add_page_search_box@2x.png */ = {isa = PBXFileReference; lastKnownFileType = image.png; path = "search_add_page_search_box@2x.png"; sourceTree = "<group>"; };
		5F9F6FE21678CA750089E972 /* search_page_cancel_btn.png */ = {isa = PBXFileReference; lastKnownFileType = image.png; path = search_page_cancel_btn.png; sourceTree = "<group>"; };
		5F9F6FE31678CA750089E972 /* search_page_cancel_btn_pressed.png */ = {isa = PBXFileReference; lastKnownFileType = image.png; path = search_page_cancel_btn_pressed.png; sourceTree = "<group>"; };
		5F9F6FE41678CA750089E972 /* search_page_search_box.png */ = {isa = PBXFileReference; lastKnownFileType = image.png; path = search_page_search_box.png; sourceTree = "<group>"; };
		5F9F6FE51678CA750089E972 /* text_page_notice_window_background.png */ = {isa = PBXFileReference; lastKnownFileType = image.png; path = text_page_notice_window_background.png; sourceTree = "<group>"; };
		5F9F6FE61678CA750089E972 /* text_page_notice_window_background@2x.png */ = {isa = PBXFileReference; lastKnownFileType = image.png; path = "text_page_notice_window_background@2x.png"; sourceTree = "<group>"; };
		5F9F6FE71678CA750089E972 /* text_page_pic_tool_bar_back_btn.png */ = {isa = PBXFileReference; lastKnownFileType = image.png; path = text_page_pic_tool_bar_back_btn.png; sourceTree = "<group>"; };
		5F9F6FE81678CA750089E972 /* text_page_pic_tool_bar_back_btn@2x.png */ = {isa = PBXFileReference; lastKnownFileType = image.png; path = "text_page_pic_tool_bar_back_btn@2x.png"; sourceTree = "<group>"; };
		5F9F6FE91678CA750089E972 /* text_page_pic_tool_bar_back_btn_pressed.png */ = {isa = PBXFileReference; lastKnownFileType = image.png; path = text_page_pic_tool_bar_back_btn_pressed.png; sourceTree = "<group>"; };
		5F9F6FEA1678CA750089E972 /* text_page_pic_tool_bar_back_btn_pressed@2x.png */ = {isa = PBXFileReference; lastKnownFileType = image.png; path = "text_page_pic_tool_bar_back_btn_pressed@2x.png"; sourceTree = "<group>"; };
		5F9F6FEB1678CA750089E972 /* text_page_tool_bar.png */ = {isa = PBXFileReference; lastKnownFileType = image.png; path = text_page_tool_bar.png; sourceTree = "<group>"; };
		5F9F6FEC1678CA750089E972 /* text_page_tool_bar@2x.png */ = {isa = PBXFileReference; lastKnownFileType = image.png; path = "text_page_tool_bar@2x.png"; sourceTree = "<group>"; };
		5F9F6FED1678CA750089E972 /* text_page_tool_bar_back_btn.png */ = {isa = PBXFileReference; lastKnownFileType = image.png; path = text_page_tool_bar_back_btn.png; sourceTree = "<group>"; };
		5F9F6FEE1678CA750089E972 /* text_page_tool_bar_back_btn@2x.png */ = {isa = PBXFileReference; lastKnownFileType = image.png; path = "text_page_tool_bar_back_btn@2x.png"; sourceTree = "<group>"; };
		5F9F6FEF1678CA750089E972 /* text_page_tool_bar_collect_btn.png */ = {isa = PBXFileReference; lastKnownFileType = image.png; path = text_page_tool_bar_collect_btn.png; sourceTree = "<group>"; };
		5F9F6FF01678CA750089E972 /* text_page_tool_bar_collect_btn@2x.png */ = {isa = PBXFileReference; lastKnownFileType = image.png; path = "text_page_tool_bar_collect_btn@2x.png"; sourceTree = "<group>"; };
		5F9F6FF11678CA750089E972 /* text_page_tool_bar_collect_btn_selected.png */ = {isa = PBXFileReference; lastKnownFileType = image.png; path = text_page_tool_bar_collect_btn_selected.png; sourceTree = "<group>"; };
		5F9F6FF21678CA750089E972 /* text_page_tool_bar_collect_btn_selected@2x.png */ = {isa = PBXFileReference; lastKnownFileType = image.png; path = "text_page_tool_bar_collect_btn_selected@2x.png"; sourceTree = "<group>"; };
		5F9F6FF31678CA750089E972 /* text_page_tool_bar_like_btn.png */ = {isa = PBXFileReference; lastKnownFileType = image.png; path = text_page_tool_bar_like_btn.png; sourceTree = "<group>"; };
		5F9F6FF41678CA750089E972 /* text_page_tool_bar_like_btn@2x.png */ = {isa = PBXFileReference; lastKnownFileType = image.png; path = "text_page_tool_bar_like_btn@2x.png"; sourceTree = "<group>"; };
		5F9F6FF51678CA750089E972 /* text_page_tool_bar_like_btn_selected.png */ = {isa = PBXFileReference; lastKnownFileType = image.png; path = text_page_tool_bar_like_btn_selected.png; sourceTree = "<group>"; };
		5F9F6FF61678CA750089E972 /* text_page_tool_bar_like_btn_selected@2x.png */ = {isa = PBXFileReference; lastKnownFileType = image.png; path = "text_page_tool_bar_like_btn_selected@2x.png"; sourceTree = "<group>"; };
		5F9F6FF71678CA750089E972 /* text_page_top_bar_back_btn.png */ = {isa = PBXFileReference; lastKnownFileType = image.png; path = text_page_top_bar_back_btn.png; sourceTree = "<group>"; };
		5F9F6FF81678CA750089E972 /* text_page_top_bar_back_btn@2x.png */ = {isa = PBXFileReference; lastKnownFileType = image.png; path = "text_page_top_bar_back_btn@2x.png"; sourceTree = "<group>"; };
		5F9F6FF91678CA750089E972 /* text_page_top_bar_refresh_btn.png */ = {isa = PBXFileReference; lastKnownFileType = image.png; path = text_page_top_bar_refresh_btn.png; sourceTree = "<group>"; };
		5F9F6FFA1678CA750089E972 /* text_page_top_bar_refresh_btn@2x.png */ = {isa = PBXFileReference; lastKnownFileType = image.png; path = "text_page_top_bar_refresh_btn@2x.png"; sourceTree = "<group>"; };
		5F9F6FFB1678CA750089E972 /* top_bar_back_btn.png */ = {isa = PBXFileReference; lastKnownFileType = image.png; path = top_bar_back_btn.png; sourceTree = "<group>"; };
		5F9F6FFC1678CA750089E972 /* top_bar_back_btn@2x.png */ = {isa = PBXFileReference; lastKnownFileType = image.png; path = "top_bar_back_btn@2x.png"; sourceTree = "<group>"; };
		5F9F6FFD1678CA750089E972 /* top_bar_back_btn_pressed.png */ = {isa = PBXFileReference; lastKnownFileType = image.png; path = top_bar_back_btn_pressed.png; sourceTree = "<group>"; };
		5F9F6FFE1678CA750089E972 /* top_bar_back_btn_pressed@2x.png */ = {isa = PBXFileReference; lastKnownFileType = image.png; path = "top_bar_back_btn_pressed@2x.png"; sourceTree = "<group>"; };
		5F9F6FFF1678CA750089E972 /* top_bar_close_btn.png */ = {isa = PBXFileReference; lastKnownFileType = image.png; path = top_bar_close_btn.png; sourceTree = "<group>"; };
		5F9F70001678CA750089E972 /* top_bar_close_btn@2x.png */ = {isa = PBXFileReference; lastKnownFileType = image.png; path = "top_bar_close_btn@2x.png"; sourceTree = "<group>"; };
		5F9F70011678CA750089E972 /* top_bar_close_btn_pressed.png */ = {isa = PBXFileReference; lastKnownFileType = image.png; path = top_bar_close_btn_pressed.png; sourceTree = "<group>"; };
		5F9F70021678CA750089E972 /* top_bar_close_btn_pressed@2x.png */ = {isa = PBXFileReference; lastKnownFileType = image.png; path = "top_bar_close_btn_pressed@2x.png"; sourceTree = "<group>"; };
		5F9F70031678CA750089E972 /* top_bar_navigation_btn.png */ = {isa = PBXFileReference; lastKnownFileType = image.png; path = top_bar_navigation_btn.png; sourceTree = "<group>"; };
		5F9F70041678CA750089E972 /* top_bar_navigation_btn@2x.png */ = {isa = PBXFileReference; lastKnownFileType = image.png; path = "top_bar_navigation_btn@2x.png"; sourceTree = "<group>"; };
		5F9F70051678CA750089E972 /* top_bar_navigation_btn_pressed.png */ = {isa = PBXFileReference; lastKnownFileType = image.png; path = top_bar_navigation_btn_pressed.png; sourceTree = "<group>"; };
		5F9F70061678CA750089E972 /* top_bar_navigation_btn_pressed@2x.png */ = {isa = PBXFileReference; lastKnownFileType = image.png; path = "top_bar_navigation_btn_pressed@2x.png"; sourceTree = "<group>"; };
		5F9F70071678CA750089E972 /* top_bar_refresh_btn_pressed.png */ = {isa = PBXFileReference; lastKnownFileType = image.png; path = top_bar_refresh_btn_pressed.png; sourceTree = "<group>"; };
		5F9F70081678CA750089E972 /* top_bar_refresh_btn_pressed@2x.png */ = {isa = PBXFileReference; lastKnownFileType = image.png; path = "top_bar_refresh_btn_pressed@2x.png"; sourceTree = "<group>"; };
		5F9F70091678CA750089E972 /* top_tool_bar_background.png */ = {isa = PBXFileReference; lastKnownFileType = image.png; path = top_tool_bar_background.png; sourceTree = "<group>"; };
		5F9F700A1678CA750089E972 /* top_tool_bar_background@2x.png */ = {isa = PBXFileReference; lastKnownFileType = image.png; path = "top_tool_bar_background@2x.png"; sourceTree = "<group>"; };
		5F9F70A01678CCE90089E972 /* ruby_china.css */ = {isa = PBXFileReference; fileEncoding = 4; lastKnownFileType = text.css; path = ruby_china.css; sourceTree = "<group>"; };
		5F9F70A11678CCE90089E972 /* topic_detail.css */ = {isa = PBXFileReference; fileEncoding = 4; lastKnownFileType = text.css; path = topic_detail.css; sourceTree = "<group>"; };
		5F9F70A21678CCE90089E972 /* topic_detail.tmpl */ = {isa = PBXFileReference; fileEncoding = 4; lastKnownFileType = text; path = topic_detail.tmpl; sourceTree = "<group>"; };
		5F9F70B11678D1210089E972 /* Default-568h@2x.png */ = {isa = PBXFileReference; lastKnownFileType = image.png; path = "Default-568h@2x.png"; sourceTree = "<group>"; };
		5F9F70B21678D1210089E972 /* Default.png */ = {isa = PBXFileReference; lastKnownFileType = image.png; path = Default.png; sourceTree = "<group>"; };
		5F9F70B31678D1210089E972 /* Default@2x.png */ = {isa = PBXFileReference; lastKnownFileType = image.png; path = "Default@2x.png"; sourceTree = "<group>"; };
		5F9F70CD1678ECD40089E972 /* RCNewTopicViewController.h */ = {isa = PBXFileReference; fileEncoding = 4; lastKnownFileType = sourcecode.c.h; path = RCNewTopicViewController.h; sourceTree = "<group>"; };
		5F9F70CE1678ECD40089E972 /* RCNewTopicViewController.m */ = {isa = PBXFileReference; fileEncoding = 4; lastKnownFileType = sourcecode.c.objc; path = RCNewTopicViewController.m; sourceTree = "<group>"; };
		5F9F70CF1678ECD40089E972 /* RCNewTopicViewController.xib */ = {isa = PBXFileReference; fileEncoding = 4; lastKnownFileType = file.xib; path = RCNewTopicViewController.xib; sourceTree = "<group>"; };
		5F9F70D01678ECD40089E972 /* RCNodesViewController.h */ = {isa = PBXFileReference; fileEncoding = 4; lastKnownFileType = sourcecode.c.h; path = RCNodesViewController.h; sourceTree = "<group>"; };
		5F9F70D11678ECD40089E972 /* RCNodesViewController.m */ = {isa = PBXFileReference; fileEncoding = 4; lastKnownFileType = sourcecode.c.objc; path = RCNodesViewController.m; sourceTree = "<group>"; };
		5F9F70D21678ECD40089E972 /* RCReplyViewController.h */ = {isa = PBXFileReference; fileEncoding = 4; lastKnownFileType = sourcecode.c.h; path = RCReplyViewController.h; sourceTree = "<group>"; };
		5F9F70D31678ECD40089E972 /* RCReplyViewController.m */ = {isa = PBXFileReference; fileEncoding = 4; lastKnownFileType = sourcecode.c.objc; path = RCReplyViewController.m; sourceTree = "<group>"; };
		5F9F70D41678ECD40089E972 /* RCSettingViewController.h */ = {isa = PBXFileReference; fileEncoding = 4; lastKnownFileType = sourcecode.c.h; path = RCSettingViewController.h; sourceTree = "<group>"; };
		5F9F70D51678ECD40089E972 /* RCSettingViewController.m */ = {isa = PBXFileReference; fileEncoding = 4; lastKnownFileType = sourcecode.c.objc; path = RCSettingViewController.m; sourceTree = "<group>"; };
		5F9F70D61678ECD40089E972 /* RCSideContainerViewController.h */ = {isa = PBXFileReference; fileEncoding = 4; lastKnownFileType = sourcecode.c.h; path = RCSideContainerViewController.h; sourceTree = "<group>"; };
		5F9F70D71678ECD40089E972 /* RCSideContainerViewController.m */ = {isa = PBXFileReference; fileEncoding = 4; lastKnownFileType = sourcecode.c.objc; path = RCSideContainerViewController.m; sourceTree = "<group>"; };
		5F9F70D81678ECD40089E972 /* RCTopicDetailViewController.h */ = {isa = PBXFileReference; fileEncoding = 4; lastKnownFileType = sourcecode.c.h; path = RCTopicDetailViewController.h; sourceTree = "<group>"; };
		5F9F70D91678ECD40089E972 /* RCTopicDetailViewController.m */ = {isa = PBXFileReference; fileEncoding = 4; lastKnownFileType = sourcecode.c.objc; path = RCTopicDetailViewController.m; sourceTree = "<group>"; };
		5F9F70DA1678ECD40089E972 /* RCTopicMasterViewController.h */ = {isa = PBXFileReference; fileEncoding = 4; lastKnownFileType = sourcecode.c.h; path = RCTopicMasterViewController.h; sourceTree = "<group>"; };
		5F9F70DB1678ECD40089E972 /* RCTopicMasterViewController.m */ = {isa = PBXFileReference; fileEncoding = 4; lastKnownFileType = sourcecode.c.objc; path = RCTopicMasterViewController.m; sourceTree = "<group>"; };
		5F9F70DC1678ECD40089E972 /* RCUserViewController.h */ = {isa = PBXFileReference; fileEncoding = 4; lastKnownFileType = sourcecode.c.h; path = RCUserViewController.h; sourceTree = "<group>"; };
		5F9F70DD1678ECD40089E972 /* RCUserViewController.m */ = {isa = PBXFileReference; fileEncoding = 4; lastKnownFileType = sourcecode.c.objc; path = RCUserViewController.m; sourceTree = "<group>"; };
		5F9F70DE1678ECD40089E972 /* RCUserViewController.xib */ = {isa = PBXFileReference; fileEncoding = 4; lastKnownFileType = file.xib; path = RCUserViewController.xib; sourceTree = "<group>"; };
		5F9F70DF1678ECD40089E972 /* UIViewController+RubyChina.h */ = {isa = PBXFileReference; fileEncoding = 4; lastKnownFileType = sourcecode.c.h; path = "UIViewController+RubyChina.h"; sourceTree = "<group>"; };
		5F9F70E01678ECD40089E972 /* UIViewController+RubyChina.m */ = {isa = PBXFileReference; fileEncoding = 4; lastKnownFileType = sourcecode.c.objc; path = "UIViewController+RubyChina.m"; sourceTree = "<group>"; };
		5F9F70E21678ECD40089E972 /* Node.h */ = {isa = PBXFileReference; fileEncoding = 4; lastKnownFileType = sourcecode.c.h; path = Node.h; sourceTree = "<group>"; };
		5F9F70E31678ECD40089E972 /* Node.m */ = {isa = PBXFileReference; fileEncoding = 4; lastKnownFileType = sourcecode.c.objc; path = Node.m; sourceTree = "<group>"; };
		5F9F70E51678ECD40089E972 /* Reply.h */ = {isa = PBXFileReference; fileEncoding = 4; lastKnownFileType = sourcecode.c.h; path = Reply.h; sourceTree = "<group>"; };
		5F9F70E61678ECD40089E972 /* Reply.m */ = {isa = PBXFileReference; fileEncoding = 4; lastKnownFileType = sourcecode.c.objc; path = Reply.m; sourceTree = "<group>"; };
		5F9F70E71678ECD40089E972 /* Topic.h */ = {isa = PBXFileReference; fileEncoding = 4; lastKnownFileType = sourcecode.c.h; path = Topic.h; sourceTree = "<group>"; };
		5F9F70E81678ECD40089E972 /* Topic.m */ = {isa = PBXFileReference; fileEncoding = 4; lastKnownFileType = sourcecode.c.objc; path = Topic.m; sourceTree = "<group>"; };
		5F9F70E91678ECD40089E972 /* User.h */ = {isa = PBXFileReference; fileEncoding = 4; lastKnownFileType = sourcecode.c.h; path = User.h; sourceTree = "<group>"; };
		5F9F70EA1678ECD40089E972 /* User.m */ = {isa = PBXFileReference; fileEncoding = 4; lastKnownFileType = sourcecode.c.objc; path = User.m; sourceTree = "<group>"; };
		5F9F70EB1678ECD40089E972 /* RCAppDelegate.h */ = {isa = PBXFileReference; fileEncoding = 4; lastKnownFileType = sourcecode.c.h; path = RCAppDelegate.h; sourceTree = "<group>"; };
		5F9F70EC1678ECD40089E972 /* RCAppDelegate.m */ = {isa = PBXFileReference; fileEncoding = 4; lastKnownFileType = sourcecode.c.objc; path = RCAppDelegate.m; sourceTree = "<group>"; };
		5F9F70EE1678ECD40089E972 /* BButton.h */ = {isa = PBXFileReference; fileEncoding = 4; lastKnownFileType = sourcecode.c.h; path = BButton.h; sourceTree = "<group>"; };
		5F9F70EF1678ECD40089E972 /* BButton.m */ = {isa = PBXFileReference; fileEncoding = 4; lastKnownFileType = sourcecode.c.objc; path = BButton.m; sourceTree = "<group>"; };
		5F9F70F01678ECD40089E972 /* RCNodesDelegate.h */ = {isa = PBXFileReference; fileEncoding = 4; lastKnownFileType = sourcecode.c.h; path = RCNodesDelegate.h; sourceTree = "<group>"; };
		5F9F70F11678ECD40089E972 /* RCTopicTableCell.h */ = {isa = PBXFileReference; fileEncoding = 4; lastKnownFileType = sourcecode.c.h; path = RCTopicTableCell.h; sourceTree = "<group>"; };
		5F9F70F21678ECD40089E972 /* RCTopicTableCell.m */ = {isa = PBXFileReference; fileEncoding = 4; lastKnownFileType = sourcecode.c.objc; path = RCTopicTableCell.m; sourceTree = "<group>"; };
		5FCBA3D6165D495300EB8373 /* CoreGraphics.framework */ = {isa = PBXFileReference; lastKnownFileType = wrapper.framework; name = CoreGraphics.framework; path = System/Library/Frameworks/CoreGraphics.framework; sourceTree = SDKROOT; };
		5FCBA3D8165D4A5E00EB8373 /* libicucore.dylib */ = {isa = PBXFileReference; lastKnownFileType = "compiled.mach-o.dylib"; name = libicucore.dylib; path = usr/lib/libicucore.dylib; sourceTree = SDKROOT; };
		5FEBEC4F1676253E00A906A2 /* node_seed.sqlite */ = {isa = PBXFileReference; lastKnownFileType = file; path = node_seed.sqlite; sourceTree = "<group>"; };
		88D4D26BD238464EAE106F80 /* libPods.a */ = {isa = PBXFileReference; explicitFileType = archive.ar; includeInIndex = 0; path = libPods.a; sourceTree = BUILT_PRODUCTS_DIR; };
/* End PBXFileReference section */

/* Begin PBXFrameworksBuildPhase section */
		5F1A0511164FA80E007C0FBB /* Frameworks */ = {
			isa = PBXFrameworksBuildPhase;
			buildActionMask = 2147483647;
			files = (
				5FCBA3D9165D4A5E00EB8373 /* libicucore.dylib in Frameworks */,
				5FCBA3D7165D495300EB8373 /* CoreGraphics.framework in Frameworks */,
				5F78576C165D32AB00F74AF9 /* UIKit.framework in Frameworks */,
				5F66265E16554FA100F209D0 /* QuartzCore.framework in Frameworks */,
				5F1A051B164FA80E007C0FBB /* Foundation.framework in Frameworks */,
				6ACB11F251C645B2AA95427F /* libPods.a in Frameworks */,
			);
			runOnlyForDeploymentPostprocessing = 0;
		};
/* End PBXFrameworksBuildPhase section */

/* Begin PBXGroup section */
		5F1A0509164FA80E007C0FBB = {
			isa = PBXGroup;
			children = (
				5F1A051E164FA80E007C0FBB /* RubyChina */,
				5F1A0517164FA80E007C0FBB /* Frameworks */,
				5F1A0515164FA80E007C0FBB /* Products */,
				141343EA920E4CAFBFA2A61F /* Pods.xcconfig */,
			);
			sourceTree = "<group>";
		};
		5F1A0515164FA80E007C0FBB /* Products */ = {
			isa = PBXGroup;
			children = (
				5F1A0514164FA80E007C0FBB /* RubyChina.app */,
			);
			name = Products;
			sourceTree = "<group>";
		};
		5F1A0517164FA80E007C0FBB /* Frameworks */ = {
			isa = PBXGroup;
			children = (
				5FCBA3D8165D4A5E00EB8373 /* libicucore.dylib */,
				5FCBA3D6165D495300EB8373 /* CoreGraphics.framework */,
				5F78576B165D32AB00F74AF9 /* UIKit.framework */,
				5F66265D16554FA100F209D0 /* QuartzCore.framework */,
				5F1A051A164FA80E007C0FBB /* Foundation.framework */,
				88D4D26BD238464EAE106F80 /* libPods.a */,
			);
			name = Frameworks;
			sourceTree = "<group>";
		};
		5F1A051E164FA80E007C0FBB /* RubyChina */ = {
			isa = PBXGroup;
			children = (
				5F9F70CB1678ECD40089E972 /* class */,
				5F9F6FAF1678CA750089E972 /* additions */,
				5F9F6FB41678CA750089E972 /* assets */,
				5F9F6F881678CA640089E972 /* 3rdParty */,
				5F1A051F164FA80E007C0FBB /* Supporting Files */,
				5F8EA3F31663BBBF0013426B /* Node.xcdatamodeld */,
				5FEBEC4F1676253E00A906A2 /* node_seed.sqlite */,
				5F9F70B11678D1210089E972 /* Default-568h@2x.png */,
				5F9F70B21678D1210089E972 /* Default.png */,
				5F9F70B31678D1210089E972 /* Default@2x.png */,
			);
			path = RubyChina;
			sourceTree = "<group>";
		};
		5F1A051F164FA80E007C0FBB /* Supporting Files */ = {
			isa = PBXGroup;
			children = (
				5F1A0520164FA80E007C0FBB /* RubyChina-Info.plist */,
				5F1A0521164FA80E007C0FBB /* InfoPlist.strings */,
				5F1A0524164FA80E007C0FBB /* main.m */,
				5F1A0526164FA80E007C0FBB /* RubyChina-Prefix.pch */,
			);
			name = "Supporting Files";
			sourceTree = "<group>";
		};
		5F9F6F881678CA640089E972 /* 3rdParty */ = {
			isa = PBXGroup;
			children = (
				5F9F6F891678CA640089E972 /* LoadMoreTableFooterView */,
				5F9F6F8C1678CA640089E972 /* MGTemplateEngine */,
			);
			path = 3rdParty;
			sourceTree = "<group>";
		};
		5F9F6F891678CA640089E972 /* LoadMoreTableFooterView */ = {
			isa = PBXGroup;
			children = (
				5F9F6F8A1678CA640089E972 /* LoadMoreTableFooterView.h */,
				5F9F6F8B1678CA640089E972 /* LoadMoreTableFooterView.m */,
			);
			path = LoadMoreTableFooterView;
			sourceTree = "<group>";
		};
		5F9F6F8C1678CA640089E972 /* MGTemplateEngine */ = {
			isa = PBXGroup;
			children = (
				5F9F6F8D1678CA640089E972 /* DeepMutableCopy.h */,
				5F9F6F8E1678CA640089E972 /* ICUTemplateMatcher.h */,
				5F9F6F8F1678CA640089E972 /* ICUTemplateMatcher.m */,
				5F9F6F901678CA640089E972 /* MGTemplateEngine.h */,
				5F9F6F911678CA640089E972 /* MGTemplateEngine.m */,
				5F9F6F921678CA640089E972 /* MGTemplateFilter.h */,
				5F9F6F931678CA640089E972 /* MGTemplateMarker.h */,
				5F9F6F941678CA640089E972 /* MGTemplateStandardFilters.h */,
				5F9F6F951678CA640089E972 /* MGTemplateStandardFilters.m */,
				5F9F6F961678CA640089E972 /* MGTemplateStandardMarkers.h */,
				5F9F6F971678CA640089E972 /* MGTemplateStandardMarkers.m */,
				5F9F6F981678CA640089E972 /* NSArray_DeepMutableCopy.h */,
				5F9F6F991678CA640089E972 /* NSArray_DeepMutableCopy.m */,
				5F9F6F9A1678CA640089E972 /* NSDictionary_DeepMutableCopy.h */,
				5F9F6F9B1678CA640089E972 /* NSDictionary_DeepMutableCopy.m */,
				5F9F6F9C1678CA640089E972 /* RegexKitLite.h */,
				5F9F6F9D1678CA640089E972 /* RegexKitLite.m */,
				5F9F6F9E1678CA640089E972 /* RegexKitTemplateMatcher.h */,
				5F9F6F9F1678CA640089E972 /* RegexKitTemplateMatcher.m */,
			);
			path = MGTemplateEngine;
			sourceTree = "<group>";
		};
		5F9F6FAF1678CA750089E972 /* additions */ = {
			isa = PBXGroup;
			children = (
				5F9F6FB01678CA750089E972 /* NSDate+Timeago.h */,
				5F9F6FB11678CA750089E972 /* NSDate+Timeago.m */,
				5F9F6FB21678CA750089E972 /* UIBarButtonItem+RubyChina.h */,
				5F9F6FB31678CA750089E972 /* UIBarButtonItem+RubyChina.m */,
			);
			path = additions;
			sourceTree = "<group>";
		};
		5F9F6FB41678CA750089E972 /* assets */ = {
			isa = PBXGroup;
			children = (
				5F9F70A01678CCE90089E972 /* ruby_china.css */,
				5F9F70A11678CCE90089E972 /* topic_detail.css */,
				5F9F70A21678CCE90089E972 /* topic_detail.tmpl */,
				5F9F6FB51678CA750089E972 /* images */,
			);
			path = assets;
			sourceTree = "<group>";
		};
		5F9F6FB51678CA750089E972 /* images */ = {
			isa = PBXGroup;
			children = (
				5F9F6FB61678CA750089E972 /* add_page_list_plus_btn.png */,
				5F9F6FB71678CA750089E972 /* add_page_list_plus_btn@2x.png */,
				5F9F6FB81678CA750089E972 /* add_page_list_plus_btn_pressed.png */,
				5F9F6FB91678CA750089E972 /* add_page_list_plus_btn_pressed@2x.png */,
				5F9F6FBA1678CA750089E972 /* add_page_list_tick_btn.png */,
				5F9F6FBB1678CA750089E972 /* add_page_list_tick_btn@2x.png */,
				5F9F6FBC1678CA750089E972 /* add_page_list_tick_btn_pressed.png */,
				5F9F6FBD1678CA750089E972 /* add_page_list_tick_btn_pressed@2x.png */,
				5F9F6FBE1678CA750089E972 /* avatar.png */,
				5F9F6FBF1678CA750089E972 /* bg.png */,
				5F9F6FC31678CA750089E972 /* navigation_background.png */,
				5F9F6FC41678CA750089E972 /* navigation_background@2x.png */,
				5F9F6FC51678CA750089E972 /* navigation_list_arrow.png */,
				5F9F6FC61678CA750089E972 /* navigation_list_arrow@2x.png */,
				5F9F6FC71678CA750089E972 /* navigation_list_background.png */,
				5F9F6FC81678CA750089E972 /* navigation_list_background@2x.png */,
				5F9F6FC91678CA750089E972 /* navigation_list_foucs.png */,
				5F9F6FCA1678CA750089E972 /* navigation_list_foucs@2x.png */,
				5F9F6FCB1678CA750089E972 /* navigation_top_bar_add_btn.png */,
				5F9F6FCC1678CA750089E972 /* navigation_top_bar_add_btn@2x.png */,
				5F9F6FCD1678CA750089E972 /* navigation_top_bar_add_btn_pressed.png */,
				5F9F6FCE1678CA750089E972 /* navigation_top_bar_add_btn_pressed@2x.png */,
				5F9F6FCF1678CA750089E972 /* navigation_top_bar_background.png */,
				5F9F6FD01678CA750089E972 /* navigation_top_bar_background@2x.png */,
				5F9F6FD11678CA750089E972 /* navigation_top_bar_edit_btn.png */,
				5F9F6FD21678CA750089E972 /* navigation_top_bar_edit_btn@2x.png */,
				5F9F6FD31678CA750089E972 /* navigation_top_bar_edit_btn_pressed.png */,
				5F9F6FD41678CA750089E972 /* navigation_top_bar_edit_btn_pressed@2x.png */,
				5F9F6FD51678CA750089E972 /* navigation_top_bar_line.png */,
				5F9F6FD61678CA750089E972 /* navigation_top_bar_line@2x.png */,
				5F9F6FD71678CA750089E972 /* navigation_top_bar_over_btn.png */,
				5F9F6FD81678CA750089E972 /* navigation_top_bar_over_btn@2x.png */,
				5F9F6FD91678CA750089E972 /* navigation_top_bar_over_btn_pressed.png */,
				5F9F6FDA1678CA750089E972 /* navigation_top_bar_over_btn_pressed@2x.png */,
				5F9F6FDB1678CA750089E972 /* navigation_top_bar_setting_btn.png */,
				5F9F6FDC1678CA750089E972 /* navigation_top_bar_setting_btn@2x.png */,
				5F9F6FDD1678CA750089E972 /* navigation_top_bar_setting_btn_pressed.png */,
				5F9F6FDE1678CA750089E972 /* navigation_top_bar_setting_btn_pressed@2x.png */,
				5F9F6FDF1678CA750089E972 /* search_add_page_cancel_btn@2x.png */,
				5F9F6FE01678CA750089E972 /* search_add_page_cancel_btn_pressed@2x.png */,
				5F9F6FE11678CA750089E972 /* search_add_page_search_box@2x.png */,
				5F9F6FE21678CA750089E972 /* search_page_cancel_btn.png */,
				5F9F6FE31678CA750089E972 /* search_page_cancel_btn_pressed.png */,
				5F9F6FE41678CA750089E972 /* search_page_search_box.png */,
				5F9F6FE51678CA750089E972 /* text_page_notice_window_background.png */,
				5F9F6FE61678CA750089E972 /* text_page_notice_window_background@2x.png */,
				5F9F6FE71678CA750089E972 /* text_page_pic_tool_bar_back_btn.png */,
				5F9F6FE81678CA750089E972 /* text_page_pic_tool_bar_back_btn@2x.png */,
				5F9F6FE91678CA750089E972 /* text_page_pic_tool_bar_back_btn_pressed.png */,
				5F9F6FEA1678CA750089E972 /* text_page_pic_tool_bar_back_btn_pressed@2x.png */,
				5F9F6FEB1678CA750089E972 /* text_page_tool_bar.png */,
				5F9F6FEC1678CA750089E972 /* text_page_tool_bar@2x.png */,
				5F9F6FED1678CA750089E972 /* text_page_tool_bar_back_btn.png */,
				5F9F6FEE1678CA750089E972 /* text_page_tool_bar_back_btn@2x.png */,
				5F9F6FEF1678CA750089E972 /* text_page_tool_bar_collect_btn.png */,
				5F9F6FF01678CA750089E972 /* text_page_tool_bar_collect_btn@2x.png */,
				5F9F6FF11678CA750089E972 /* text_page_tool_bar_collect_btn_selected.png */,
				5F9F6FF21678CA750089E972 /* text_page_tool_bar_collect_btn_selected@2x.png */,
				5F9F6FF31678CA750089E972 /* text_page_tool_bar_like_btn.png */,
				5F9F6FF41678CA750089E972 /* text_page_tool_bar_like_btn@2x.png */,
				5F9F6FF51678CA750089E972 /* text_page_tool_bar_like_btn_selected.png */,
				5F9F6FF61678CA750089E972 /* text_page_tool_bar_like_btn_selected@2x.png */,
				5F9F6FF71678CA750089E972 /* text_page_top_bar_back_btn.png */,
				5F9F6FF81678CA750089E972 /* text_page_top_bar_back_btn@2x.png */,
				5F9F6FF91678CA750089E972 /* text_page_top_bar_refresh_btn.png */,
				5F9F6FFA1678CA750089E972 /* text_page_top_bar_refresh_btn@2x.png */,
				5F9F6FFB1678CA750089E972 /* top_bar_back_btn.png */,
				5F9F6FFC1678CA750089E972 /* top_bar_back_btn@2x.png */,
				5F9F6FFD1678CA750089E972 /* top_bar_back_btn_pressed.png */,
				5F9F6FFE1678CA750089E972 /* top_bar_back_btn_pressed@2x.png */,
				5F9F6FFF1678CA750089E972 /* top_bar_close_btn.png */,
				5F9F70001678CA750089E972 /* top_bar_close_btn@2x.png */,
				5F9F70011678CA750089E972 /* top_bar_close_btn_pressed.png */,
				5F9F70021678CA750089E972 /* top_bar_close_btn_pressed@2x.png */,
				5F9F70031678CA750089E972 /* top_bar_navigation_btn.png */,
				5F9F70041678CA750089E972 /* top_bar_navigation_btn@2x.png */,
				5F9F70051678CA750089E972 /* top_bar_navigation_btn_pressed.png */,
				5F9F70061678CA750089E972 /* top_bar_navigation_btn_pressed@2x.png */,
				5F9F70071678CA750089E972 /* top_bar_refresh_btn_pressed.png */,
				5F9F70081678CA750089E972 /* top_bar_refresh_btn_pressed@2x.png */,
				5F9F70091678CA750089E972 /* top_tool_bar_background.png */,
				5F9F700A1678CA750089E972 /* top_tool_bar_background@2x.png */,
			);
			path = images;
			sourceTree = "<group>";
		};
		5F9F70CB1678ECD40089E972 /* class */ = {
			isa = PBXGroup;
			children = (
				5F9F70CC1678ECD40089E972 /* controllers */,
				5F9F70E11678ECD40089E972 /* models */,
				5F9F70EB1678ECD40089E972 /* RCAppDelegate.h */,
				5F9F70EC1678ECD40089E972 /* RCAppDelegate.m */,
				5F9F70ED1678ECD40089E972 /* views */,
			);
			path = class;
			sourceTree = "<group>";
		};
		5F9F70CC1678ECD40089E972 /* controllers */ = {
			isa = PBXGroup;
			children = (
				5F9F70CD1678ECD40089E972 /* RCNewTopicViewController.h */,
				5F9F70CE1678ECD40089E972 /* RCNewTopicViewController.m */,
				5F9F70CF1678ECD40089E972 /* RCNewTopicViewController.xib */,
				5F9F70D01678ECD40089E972 /* RCNodesViewController.h */,
				5F9F70D11678ECD40089E972 /* RCNodesViewController.m */,
				5F9F70D21678ECD40089E972 /* RCReplyViewController.h */,
				5F9F70D31678ECD40089E972 /* RCReplyViewController.m */,
				5F9F70D41678ECD40089E972 /* RCSettingViewController.h */,
				5F9F70D51678ECD40089E972 /* RCSettingViewController.m */,
				5F9F70D61678ECD40089E972 /* RCSideContainerViewController.h */,
				5F9F70D71678ECD40089E972 /* RCSideContainerViewController.m */,
				5F9F70D81678ECD40089E972 /* RCTopicDetailViewController.h */,
				5F9F70D91678ECD40089E972 /* RCTopicDetailViewController.m */,
				5F9F70DA1678ECD40089E972 /* RCTopicMasterViewController.h */,
				5F9F70DB1678ECD40089E972 /* RCTopicMasterViewController.m */,
				5F9F70DC1678ECD40089E972 /* RCUserViewController.h */,
				5F9F70DD1678ECD40089E972 /* RCUserViewController.m */,
				5F9F70DE1678ECD40089E972 /* RCUserViewController.xib */,
				5F9F70DF1678ECD40089E972 /* UIViewController+RubyChina.h */,
				5F9F70E01678ECD40089E972 /* UIViewController+RubyChina.m */,
			);
			path = controllers;
			sourceTree = "<group>";
		};
		5F9F70E11678ECD40089E972 /* models */ = {
			isa = PBXGroup;
			children = (
				5F9F70E21678ECD40089E972 /* Node.h */,
				5F9F70E31678ECD40089E972 /* Node.m */,
				5F9F70E41678ECD40089E972 /* Node.xcdatamodeld */,
				5F9F70E51678ECD40089E972 /* Reply.h */,
				5F9F70E61678ECD40089E972 /* Reply.m */,
				5F9F70E71678ECD40089E972 /* Topic.h */,
				5F9F70E81678ECD40089E972 /* Topic.m */,
				5F9F70E91678ECD40089E972 /* User.h */,
				5F9F70EA1678ECD40089E972 /* User.m */,
			);
			path = models;
			sourceTree = "<group>";
		};
		5F9F70ED1678ECD40089E972 /* views */ = {
			isa = PBXGroup;
			children = (
				5F9F70EE1678ECD40089E972 /* BButton.h */,
				5F9F70EF1678ECD40089E972 /* BButton.m */,
				5F9F70F01678ECD40089E972 /* RCNodesDelegate.h */,
				5F9F70F11678ECD40089E972 /* RCTopicTableCell.h */,
				5F9F70F21678ECD40089E972 /* RCTopicTableCell.m */,
			);
			path = views;
			sourceTree = "<group>";
		};
/* End PBXGroup section */

/* Begin PBXNativeTarget section */
		5F1A0513164FA80E007C0FBB /* RubyChina */ = {
			isa = PBXNativeTarget;
			buildConfigurationList = 5F1A0532164FA80E007C0FBB /* Build configuration list for PBXNativeTarget "RubyChina" */;
			buildPhases = (
				5F1A0510164FA80E007C0FBB /* Sources */,
				5F1A0511164FA80E007C0FBB /* Frameworks */,
				5F1A0512164FA80E007C0FBB /* Resources */,
				471ED61E83F049AAA8799E60 /* Copy Pods Resources */,
				5FCBA3CC165D436300EB8373 /* CopyFiles */,
			);
			buildRules = (
			);
			dependencies = (
			);
			name = RubyChina;
			productName = RubyChina;
			productReference = 5F1A0514164FA80E007C0FBB /* RubyChina.app */;
			productType = "com.apple.product-type.application";
		};
/* End PBXNativeTarget section */

/* Begin PBXProject section */
		5F1A050B164FA80E007C0FBB /* Project object */ = {
			isa = PBXProject;
			attributes = {
				CLASSPREFIX = RC;
				LastUpgradeCheck = 0450;
				ORGANIZATIONNAME = "ÈôàÈîã";
			};
			buildConfigurationList = 5F1A050E164FA80E007C0FBB /* Build configuration list for PBXProject "RubyChina" */;
			compatibilityVersion = "Xcode 3.2";
			developmentRegion = English;
			hasScannedForEncodings = 0;
			knownRegions = (
				en,
			);
			mainGroup = 5F1A0509164FA80E007C0FBB;
			productRefGroup = 5F1A0515164FA80E007C0FBB /* Products */;
			projectDirPath = "";
			projectRoot = "";
			targets = (
				5F1A0513164FA80E007C0FBB /* RubyChina */,
			);
		};
/* End PBXProject section */

/* Begin PBXResourcesBuildPhase section */
		5F1A0512164FA80E007C0FBB /* Resources */ = {
			isa = PBXResourcesBuildPhase;
			buildActionMask = 2147483647;
			files = (
				5F1A0523164FA80E007C0FBB /* InfoPlist.strings in Resources */,
				5FEBEC501676253E00A906A2 /* node_seed.sqlite in Resources */,
				5F9F70351678CA750089E972 /* add_page_list_plus_btn.png in Resources */,
				5F9F70361678CA750089E972 /* add_page_list_plus_btn@2x.png in Resources */,
				5F9F70371678CA750089E972 /* add_page_list_plus_btn_pressed.png in Resources */,
				5F9F70381678CA750089E972 /* add_page_list_plus_btn_pressed@2x.png in Resources */,
				5F9F70391678CA750089E972 /* add_page_list_tick_btn.png in Resources */,
				5F9F703A1678CA750089E972 /* add_page_list_tick_btn@2x.png in Resources */,
				5F9F703B1678CA750089E972 /* add_page_list_tick_btn_pressed.png in Resources */,
				5F9F703C1678CA750089E972 /* add_page_list_tick_btn_pressed@2x.png in Resources */,
				5F9F703D1678CA750089E972 /* avatar.png in Resources */,
				5F9F703E1678CA750089E972 /* bg.png in Resources */,
				5F9F70421678CA750089E972 /* navigation_background.png in Resources */,
				5F9F70431678CA750089E972 /* navigation_background@2x.png in Resources */,
				5F9F70441678CA750089E972 /* navigation_list_arrow.png in Resources */,
				5F9F70451678CA750089E972 /* navigation_list_arrow@2x.png in Resources */,
				5F9F70461678CA750089E972 /* navigation_list_background.png in Resources */,
				5F9F70471678CA750089E972 /* navigation_list_background@2x.png in Resources */,
				5F9F70481678CA750089E972 /* navigation_list_foucs.png in Resources */,
				5F9F70491678CA750089E972 /* navigation_list_foucs@2x.png in Resources */,
				5F9F704A1678CA750089E972 /* navigation_top_bar_add_btn.png in Resources */,
				5F9F704B1678CA750089E972 /* navigation_top_bar_add_btn@2x.png in Resources */,
				5F9F704C1678CA750089E972 /* navigation_top_bar_add_btn_pressed.png in Resources */,
				5F9F704D1678CA750089E972 /* navigation_top_bar_add_btn_pressed@2x.png in Resources */,
				5F9F704E1678CA750089E972 /* navigation_top_bar_background.png in Resources */,
				5F9F704F1678CA750089E972 /* navigation_top_bar_background@2x.png in Resources */,
				5F9F70501678CA750089E972 /* navigation_top_bar_edit_btn.png in Resources */,
				5F9F70511678CA750089E972 /* navigation_top_bar_edit_btn@2x.png in Resources */,
				5F9F70521678CA750089E972 /* navigation_top_bar_edit_btn_pressed.png in Resources */,
				5F9F70531678CA750089E972 /* navigation_top_bar_edit_btn_pressed@2x.png in Resources */,
				5F9F70541678CA750089E972 /* navigation_top_bar_line.png in Resources */,
				5F9F70551678CA750089E972 /* navigation_top_bar_line@2x.png in Resources */,
				5F9F70561678CA750089E972 /* navigation_top_bar_over_btn.png in Resources */,
				5F9F70571678CA750089E972 /* navigation_top_bar_over_btn@2x.png in Resources */,
				5F9F70581678CA750089E972 /* navigation_top_bar_over_btn_pressed.png in Resources */,
				5F9F70591678CA750089E972 /* navigation_top_bar_over_btn_pressed@2x.png in Resources */,
				5F9F705A1678CA750089E972 /* navigation_top_bar_setting_btn.png in Resources */,
				5F9F705B1678CA750089E972 /* navigation_top_bar_setting_btn@2x.png in Resources */,
				5F9F705C1678CA750089E972 /* navigation_top_bar_setting_btn_pressed.png in Resources */,
				5F9F705D1678CA750089E972 /* navigation_top_bar_setting_btn_pressed@2x.png in Resources */,
				5F9F705E1678CA750089E972 /* search_add_page_cancel_btn@2x.png in Resources */,
				5F9F705F1678CA750089E972 /* search_add_page_cancel_btn_pressed@2x.png in Resources */,
				5F9F70601678CA750089E972 /* search_add_page_search_box@2x.png in Resources */,
				5F9F70611678CA750089E972 /* search_page_cancel_btn.png in Resources */,
				5F9F70621678CA750089E972 /* search_page_cancel_btn_pressed.png in Resources */,
				5F9F70631678CA750089E972 /* search_page_search_box.png in Resources */,
				5F9F70641678CA750089E972 /* text_page_notice_window_background.png in Resources */,
				5F9F70651678CA750089E972 /* text_page_notice_window_background@2x.png in Resources */,
				5F9F70661678CA750089E972 /* text_page_pic_tool_bar_back_btn.png in Resources */,
				5F9F70671678CA750089E972 /* text_page_pic_tool_bar_back_btn@2x.png in Resources */,
				5F9F70681678CA750089E972 /* text_page_pic_tool_bar_back_btn_pressed.png in Resources */,
				5F9F70691678CA750089E972 /* text_page_pic_tool_bar_back_btn_pressed@2x.png in Resources */,
				5F9F706A1678CA750089E972 /* text_page_tool_bar.png in Resources */,
				5F9F706B1678CA750089E972 /* text_page_tool_bar@2x.png in Resources */,
				5F9F706C1678CA750089E972 /* text_page_tool_bar_back_btn.png in Resources */,
				5F9F706D1678CA750089E972 /* text_page_tool_bar_back_btn@2x.png in Resources */,
				5F9F706E1678CA750089E972 /* text_page_tool_bar_collect_btn.png in Resources */,
				5F9F706F1678CA750089E972 /* text_page_tool_bar_collect_btn@2x.png in Resources */,
				5F9F70701678CA750089E972 /* text_page_tool_bar_collect_btn_selected.png in Resources */,
				5F9F70711678CA750089E972 /* text_page_tool_bar_collect_btn_selected@2x.png in Resources */,
				5F9F70721678CA750089E972 /* text_page_tool_bar_like_btn.png in Resources */,
				5F9F70731678CA750089E972 /* text_page_tool_bar_like_btn@2x.png in Resources */,
				5F9F70741678CA750089E972 /* text_page_tool_bar_like_btn_selected.png in Resources */,
				5F9F70751678CA750089E972 /* text_page_tool_bar_like_btn_selected@2x.png in Resources */,
				5F9F70761678CA750089E972 /* text_page_top_bar_back_btn.png in Resources */,
				5F9F70771678CA750089E972 /* text_page_top_bar_back_btn@2x.png in Resources */,
				5F9F70781678CA750089E972 /* text_page_top_bar_refresh_btn.png in Resources */,
				5F9F70791678CA750089E972 /* text_page_top_bar_refresh_btn@2x.png in Resources */,
				5F9F707A1678CA750089E972 /* top_bar_back_btn.png in Resources */,
				5F9F707B1678CA750089E972 /* top_bar_back_btn@2x.png in Resources */,
				5F9F707C1678CA750089E972 /* top_bar_back_btn_pressed.png in Resources */,
				5F9F707D1678CA750089E972 /* top_bar_back_btn_pressed@2x.png in Resources */,
				5F9F707E1678CA750089E972 /* top_bar_close_btn.png in Resources */,
				5F9F707F1678CA750089E972 /* top_bar_close_btn@2x.png in Resources */,
				5F9F70801678CA750089E972 /* top_bar_close_btn_pressed.png in Resources */,
				5F9F70811678CA750089E972 /* top_bar_close_btn_pressed@2x.png in Resources */,
				5F9F70821678CA750089E972 /* top_bar_navigation_btn.png in Resources */,
				5F9F70831678CA750089E972 /* top_bar_navigation_btn@2x.png in Resources */,
				5F9F70841678CA750089E972 /* top_bar_navigation_btn_pressed.png in Resources */,
				5F9F70851678CA750089E972 /* top_bar_navigation_btn_pressed@2x.png in Resources */,
				5F9F70861678CA750089E972 /* top_bar_refresh_btn_pressed.png in Resources */,
				5F9F70871678CA750089E972 /* top_bar_refresh_btn_pressed@2x.png in Resources */,
				5F9F70881678CA750089E972 /* top_tool_bar_background.png in Resources */,
				5F9F70891678CA750089E972 /* top_tool_bar_background@2x.png in Resources */,
				5F9F70A31678CCE90089E972 /* ruby_china.css in Resources */,
				5F9F70A41678CCE90089E972 /* topic_detail.css in Resources */,
				5F9F70A51678CCE90089E972 /* topic_detail.tmpl in Resources */,
				5F9F70B41678D1210089E972 /* Default-568h@2x.png in Resources */,
				5F9F70B51678D1210089E972 /* Default.png in Resources */,
				5F9F70B61678D1210089E972 /* Default@2x.png in Resources */,
				5F9F70F41678ECD40089E972 /* RCNewTopicViewController.xib in Resources */,
				5F9F70FC1678ECD40089E972 /* RCUserViewController.xib in Resources */,
			);
			runOnlyForDeploymentPostprocessing = 0;
		};
/* End PBXResourcesBuildPhase section */

/* Begin PBXShellScriptBuildPhase section */
		471ED61E83F049AAA8799E60 /* Copy Pods Resources */ = {
			isa = PBXShellScriptBuildPhase;
			buildActionMask = 2147483647;
			files = (
			);
			inputPaths = (
			);
			name = "Copy Pods Resources";
			outputPaths = (
			);
			runOnlyForDeploymentPostprocessing = 0;
			shellPath = /bin/sh;
			shellScript = "\"${SRCROOT}/Pods/Pods-resources.sh\"\n";
		};
/* End PBXShellScriptBuildPhase section */

/* Begin PBXSourcesBuildPhase section */
		5F1A0510164FA80E007C0FBB /* Sources */ = {
			isa = PBXSourcesBuildPhase;
			buildActionMask = 2147483647;
			files = (
				5F1A0525164FA80E007C0FBB /* main.m in Sources */,
				5F8EA3F51663BBBF0013426B /* Node.xcdatamodeld in Sources */,
				5F9F6FA31678CA640089E972 /* LoadMoreTableFooterView.m in Sources */,
				5F9F6FA41678CA640089E972 /* ICUTemplateMatcher.m in Sources */,
				5F9F6FA51678CA640089E972 /* MGTemplateEngine.m in Sources */,
				5F9F6FA61678CA640089E972 /* MGTemplateStandardFilters.m in Sources */,
				5F9F6FA71678CA640089E972 /* MGTemplateStandardMarkers.m in Sources */,
				5F9F6FA81678CA640089E972 /* NSArray_DeepMutableCopy.m in Sources */,
				5F9F6FA91678CA640089E972 /* NSDictionary_DeepMutableCopy.m in Sources */,
				5F9F6FAA1678CA640089E972 /* RegexKitLite.m in Sources */,
				5F9F70331678CA750089E972 /* NSDate+Timeago.m in Sources */,
				5F9F70341678CA750089E972 /* UIBarButtonItem+RubyChina.m in Sources */,
				5F9F70F31678ECD40089E972 /* RCNewTopicViewController.m in Sources */,
				5F9F70F51678ECD40089E972 /* RCNodesViewController.m in Sources */,
				5F9F70F61678ECD40089E972 /* RCReplyViewController.m in Sources */,
				5F9F70F71678ECD40089E972 /* RCSettingViewController.m in Sources */,
				5F9F70F81678ECD40089E972 /* RCSideContainerViewController.m in Sources */,
				5F9F70F91678ECD40089E972 /* RCTopicDetailViewController.m in Sources */,
				5F9F70FA1678ECD40089E972 /* RCTopicMasterViewController.m in Sources */,
				5F9F70FB1678ECD40089E972 /* RCUserViewController.m in Sources */,
				5F9F70FD1678ECD40089E972 /* UIViewController+RubyChina.m in Sources */,
				5F9F70FE1678ECD40089E972 /* Node.m in Sources */,
				5F9F70FF1678ECD40089E972 /* Node.xcdatamodeld in Sources */,
				5F9F71001678ECD40089E972 /* Reply.m in Sources */,
				5F9F71011678ECD40089E972 /* Topic.m in Sources */,
				5F9F71021678ECD40089E972 /* User.m in Sources */,
				5F9F71031678ECD40089E972 /* RCAppDelegate.m in Sources */,
				5F9F71041678ECD40089E972 /* BButton.m in Sources */,
				5F9F71051678ECD40089E972 /* RCTopicTableCell.m in Sources */,
			);
			runOnlyForDeploymentPostprocessing = 0;
		};
/* End PBXSourcesBuildPhase section */

/* Begin PBXVariantGroup section */
		5F1A0521164FA80E007C0FBB /* InfoPlist.strings */ = {
			isa = PBXVariantGroup;
			children = (
				5F1A0522164FA80E007C0FBB /* en */,
			);
			name = InfoPlist.strings;
			sourceTree = "<group>";
		};
/* End PBXVariantGroup section */

/* Begin XCBuildConfiguration section */
		5F1A0530164FA80E007C0FBB /* Debug */ = {
			isa = XCBuildConfiguration;
			buildSettings = {
				ALWAYS_SEARCH_USER_PATHS = NO;
				CLANG_CXX_LANGUAGE_STANDARD = "gnu++0x";
				CLANG_CXX_LIBRARY = "libc++";
				CLANG_ENABLE_OBJC_ARC = YES;
				CLANG_WARN_EMPTY_BODY = YES;
				CLANG_WARN__DUPLICATE_METHOD_MATCH = YES;
				"CODE_SIGN_IDENTITY[sdk=iphoneos*]" = "iPhone Developer";
				COPY_PHASE_STRIP = NO;
				GCC_C_LANGUAGE_STANDARD = gnu99;
				GCC_DYNAMIC_NO_PIC = NO;
				GCC_OPTIMIZATION_LEVEL = 0;
				GCC_PREPROCESSOR_DEFINITIONS = (
					"DEBUG=1",
					"$(inherited)",
				);
				GCC_SYMBOLS_PRIVATE_EXTERN = NO;
				GCC_WARN_ABOUT_RETURN_TYPE = YES;
				GCC_WARN_UNINITIALIZED_AUTOS = YES;
				GCC_WARN_UNUSED_VARIABLE = YES;
				IPHONEOS_DEPLOYMENT_TARGET = 5.1;
				ONLY_ACTIVE_ARCH = YES;
				SDKROOT = iphoneos6.0;
			};
			name = Debug;
		};
		5F1A0531164FA80E007C0FBB /* Release */ = {
			isa = XCBuildConfiguration;
			buildSettings = {
				ALWAYS_SEARCH_USER_PATHS = NO;
				CLANG_CXX_LANGUAGE_STANDARD = "gnu++0x";
				CLANG_CXX_LIBRARY = "libc++";
				CLANG_ENABLE_OBJC_ARC = YES;
				CLANG_WARN_EMPTY_BODY = YES;
				CLANG_WARN__DUPLICATE_METHOD_MATCH = YES;
				"CODE_SIGN_IDENTITY[sdk=iphoneos*]" = "iPhone Developer";
				COPY_PHASE_STRIP = YES;
				GCC_C_LANGUAGE_STANDARD = gnu99;
				GCC_WARN_ABOUT_RETURN_TYPE = YES;
				GCC_WARN_UNINITIALIZED_AUTOS = YES;
				GCC_WARN_UNUSED_VARIABLE = YES;
				IPHONEOS_DEPLOYMENT_TARGET = 5.1;
				ONLY_ACTIVE_ARCH = YES;
				OTHER_CFLAGS = "-DNS_BLOCK_ASSERTIONS=1";
				SDKROOT = iphoneos6.0;
				VALIDATE_PRODUCT = YES;
			};
			name = Release;
		};
		5F1A0533164FA80E007C0FBB /* Debug */ = {
			isa = XCBuildConfiguration;
			baseConfigurationReference = 141343EA920E4CAFBFA2A61F /* Pods.xcconfig */;
			buildSettings = {
				FRAMEWORK_SEARCH_PATHS = (
					"$(inherited)",
					/Developer/Local/Frameworks,
				);
				GCC_PRECOMPILE_PREFIX_HEADER = YES;
				GCC_PREFIX_HEADER = "RubyChina/RubyChina-Prefix.pch";
				INFOPLIST_FILE = "RubyChina/RubyChina-Info.plist";
				IPHONEOS_DEPLOYMENT_TARGET = 5.1;
				LIBRARY_SEARCH_PATHS = "$(inherited)";
				PRODUCT_NAME = "$(TARGET_NAME)";
				SDKROOT = iphoneos6.0;
				WRAPPER_EXTENSION = app;
			};
			name = Debug;
		};
		5F1A0534164FA80E007C0FBB /* Release */ = {
			isa = XCBuildConfiguration;
			baseConfigurationReference = 141343EA920E4CAFBFA2A61F /* Pods.xcconfig */;
			buildSettings = {
				FRAMEWORK_SEARCH_PATHS = (
					"$(inherited)",
					/Developer/Local/Frameworks,
				);
				GCC_PRECOMPILE_PREFIX_HEADER = YES;
				GCC_PREFIX_HEADER = "RubyChina/RubyChina-Prefix.pch";
				INFOPLIST_FILE = "RubyChina/RubyChina-Info.plist";
				IPHONEOS_DEPLOYMENT_TARGET = 5.1;
				LIBRARY_SEARCH_PATHS = "$(inherited)";
				PRODUCT_NAME = "$(TARGET_NAME)";
				SDKROOT = iphoneos6.0;
				WRAPPER_EXTENSION = app;
			};
			name = Release;
		};
/* End XCBuildConfiguration section */

/* Begin XCConfigurationList section */
		5F1A050E164FA80E007C0FBB /* Build configuration list for PBXProject "RubyChina" */ = {
			isa = XCConfigurationList;
			buildConfigurations = (
				5F1A0530164FA80E007C0FBB /* Debug */,
				5F1A0531164FA80E007C0FBB /* Release */,
			);
			defaultConfigurationIsVisible = 0;
			defaultConfigurationName = Release;
		};
		5F1A0532164FA80E007C0FBB /* Build configuration list for PBXNativeTarget "RubyChina" */ = {
			isa = XCConfigurationList;
			buildConfigurations = (
				5F1A0533164FA80E007C0FBB /* Debug */,
				5F1A0534164FA80E007C0FBB /* Release */,
			);
			defaultConfigurationIsVisible = 0;
			defaultConfigurationName = Release;
		};
/* End XCConfigurationList section */

/* Begin XCVersionGroup section */
		5F8EA3F31663BBBF0013426B /* Node.xcdatamodeld */ = {
			isa = XCVersionGroup;
			children = (
				5F8EA3F41663BBBF0013426B /* Node.xcdatamodel */,
			);
			currentVersion = 5F8EA3F41663BBBF0013426B /* Node.xcdatamodel */;
			path = Node.xcdatamodeld;
			sourceTree = "<group>";
			versionGroupType = wrapper.xcdatamodel;
		};
		5F9F70E41678ECD40089E972 /* Node.xcdatamodeld */ = {
			isa = XCVersionGroup;
			children = (
			);
			path = Node.xcdatamodeld;
			sourceTree = "<group>";
			versionGroupType = wrapper.xcdatamodel;
		};
/* End XCVersionGroup section */
	};
	rootObject = 5F1A050B164FA80E007C0FBB /* Project object */;
}
